PODS:
  - BitmovinAnalyticsCollector/BitmovinPlayer (3.12.2):
    - BitmovinAnalyticsCollector/Core
    - BitmovinPlayerCore (~> 3.48)
  - BitmovinAnalyticsCollector/Core (3.12.2)
  - BitmovinPlayer (3.91.0):
    - BitmovinAnalyticsCollector/BitmovinPlayer (~> 3.0)
    - BitmovinPlayerCore (= 3.91.0)
  - BitmovinPlayerCore (3.91.0)
  - BitmovinPlayerReactNative (0.42.0):
    - BitmovinPlayer (= 3.91.0)
    - ExpoModulesCore
    - google-cast-sdk (= 4.8.1.2)
    - GoogleAds-IMA-iOS-SDK (= 3.23.0)
    - GoogleAds-IMA-tvOS-SDK (= 4.13.0)
  - boost (1.83.0)
  - DoubleConversion (1.1.6)
  - EXConstants (16.0.2):
    - ExpoModulesCore
  - Expo (51.0.39):
    - ExpoModulesCore
  - ExpoAsset (10.0.10):
    - ExpoModulesCore
  - ExpoFileSystem (17.0.1):
    - ExpoModulesCore
  - ExpoFont (12.0.10):
    - ExpoModulesCore
  - ExpoKeepAwake (13.0.2):
    - ExpoModulesCore
  - ExpoModulesCore (1.12.26):
    - DoubleConversion
    - glog
    - hermes-engine
    - RCT-Folly (= 2024.01.01.00)
    - RCTRequired
    - RCTTypeSafety
    - React-Codegen
    - React-Core
    - React-debug
    - React-Fabric
    - React-featureflags
    - React-graphics
    - React-ImageManager
    - React-jsinspector
    - React-NativeModulesApple
    - React-RCTAppDelegate
    - React-RCTFabric
    - React-rendererdebug
    - React-utils
    - ReactCommon/turbomodule/bridging
    - ReactCommon/turbomodule/core
    - Yoga
  - FBLazyVector (0.74.5-0)
  - fmt (9.1.0)
  - glog (0.3.5)
  - GoogleAds-IMA-tvOS-SDK (4.13.0)
  - hermes-engine (0.74.5-0):
    - hermes-engine/Pre-built (= 0.74.5-0)
  - hermes-engine/Pre-built (0.74.5-0)
  - RCT-Folly (2024.01.01.00):
    - boost
    - DoubleConversion
    - fmt (= 9.1.0)
    - glog
    - RCT-Folly/Default (= 2024.01.01.00)
  - RCT-Folly/Default (2024.01.01.00):
    - boost
    - DoubleConversion
    - fmt (= 9.1.0)
    - glog
  - RCT-Folly/Fabric (2024.01.01.00):
    - boost
    - DoubleConversion
    - fmt (= 9.1.0)
    - glog
  - RCTDeprecation (0.74.5-0)
  - RCTRequired (0.74.5-0)
  - RCTTypeSafety (0.74.5-0):
    - FBLazyVector (= 0.74.5-0)
    - RCTRequired (= 0.74.5-0)
    - React-Core (= 0.74.5-0)
  - React (0.74.5-0):
    - React-Core (= 0.74.5-0)
    - React-Core/DevSupport (= 0.74.5-0)
    - React-Core/RCTWebSocket (= 0.74.5-0)
    - React-RCTActionSheet (= 0.74.5-0)
    - React-RCTAnimation (= 0.74.5-0)
    - React-RCTBlob (= 0.74.5-0)
    - React-RCTImage (= 0.74.5-0)
    - React-RCTLinking (= 0.74.5-0)
    - React-RCTNetwork (= 0.74.5-0)
    - React-RCTSettings (= 0.74.5-0)
    - React-RCTText (= 0.74.5-0)
  - React-callinvoker (0.74.5-0)
  - React-Codegen (0.74.5-0):
    - DoubleConversion
    - glog
    - hermes-engine
    - RCT-Folly
    - RCTRequired
    - RCTTypeSafety
    - React-Core
    - React-debug
    - React-Fabric
    - React-FabricImage
    - React-featureflags
    - React-graphics
    - React-jsi
    - React-jsiexecutor
    - React-NativeModulesApple
    - React-rendererdebug
    - React-utils
    - ReactCommon/turbomodule/bridging
    - ReactCommon/turbomodule/core
  - React-Core (0.74.5-0):
    - glog
    - hermes-engine
    - RCT-Folly (= 2024.01.01.00)
    - RCTDeprecation
    - React-Core/Default (= 0.74.5-0)
    - React-cxxreact
    - React-featureflags
    - React-hermes
    - React-jsi
    - React-jsiexecutor
    - React-jsinspector
    - React-perflogger
    - React-runtimescheduler
    - React-utils
    - SocketRocket (= 0.7.0)
    - Yoga
  - React-Core/CoreModulesHeaders (0.74.5-0):
    - glog
    - hermes-engine
    - RCT-Folly (= 2024.01.01.00)
    - RCTDeprecation
    - React-Core/Default
    - React-cxxreact
    - React-featureflags
    - React-hermes
    - React-jsi
    - React-jsiexecutor
    - React-jsinspector
    - React-perflogger
    - React-runtimescheduler
    - React-utils
    - SocketRocket (= 0.7.0)
    - Yoga
  - React-Core/Default (0.74.5-0):
    - glog
    - hermes-engine
    - RCT-Folly (= 2024.01.01.00)
    - RCTDeprecation
    - React-cxxreact
    - React-featureflags
    - React-hermes
    - React-jsi
    - React-jsiexecutor
    - React-jsinspector
    - React-perflogger
    - React-runtimescheduler
    - React-utils
    - SocketRocket (= 0.7.0)
    - Yoga
  - React-Core/DevSupport (0.74.5-0):
    - glog
    - hermes-engine
    - RCT-Folly (= 2024.01.01.00)
    - RCTDeprecation
    - React-Core/Default (= 0.74.5-0)
    - React-Core/RCTWebSocket (= 0.74.5-0)
    - React-cxxreact
    - React-featureflags
    - React-hermes
    - React-jsi
    - React-jsiexecutor
    - React-jsinspector
    - React-perflogger
    - React-runtimescheduler
    - React-utils
    - SocketRocket (= 0.7.0)
    - Yoga
  - React-Core/RCTActionSheetHeaders (0.74.5-0):
    - glog
    - hermes-engine
    - RCT-Folly (= 2024.01.01.00)
    - RCTDeprecation
    - React-Core/Default
    - React-cxxreact
    - React-featureflags
    - React-hermes
    - React-jsi
    - React-jsiexecutor
    - React-jsinspector
    - React-perflogger
    - React-runtimescheduler
    - React-utils
    - SocketRocket (= 0.7.0)
    - Yoga
  - React-Core/RCTAnimationHeaders (0.74.5-0):
    - glog
    - hermes-engine
    - RCT-Folly (= 2024.01.01.00)
    - RCTDeprecation
    - React-Core/Default
    - React-cxxreact
    - React-featureflags
    - React-hermes
    - React-jsi
    - React-jsiexecutor
    - React-jsinspector
    - React-perflogger
    - React-runtimescheduler
    - React-utils
    - SocketRocket (= 0.7.0)
    - Yoga
  - React-Core/RCTBlobHeaders (0.74.5-0):
    - glog
    - hermes-engine
    - RCT-Folly (= 2024.01.01.00)
    - RCTDeprecation
    - React-Core/Default
    - React-cxxreact
    - React-featureflags
    - React-hermes
    - React-jsi
    - React-jsiexecutor
    - React-jsinspector
    - React-perflogger
    - React-runtimescheduler
    - React-utils
    - SocketRocket (= 0.7.0)
    - Yoga
  - React-Core/RCTImageHeaders (0.74.5-0):
    - glog
    - hermes-engine
    - RCT-Folly (= 2024.01.01.00)
    - RCTDeprecation
    - React-Core/Default
    - React-cxxreact
    - React-featureflags
    - React-hermes
    - React-jsi
    - React-jsiexecutor
    - React-jsinspector
    - React-perflogger
    - React-runtimescheduler
    - React-utils
    - SocketRocket (= 0.7.0)
    - Yoga
  - React-Core/RCTLinkingHeaders (0.74.5-0):
    - glog
    - hermes-engine
    - RCT-Folly (= 2024.01.01.00)
    - RCTDeprecation
    - React-Core/Default
    - React-cxxreact
    - React-featureflags
    - React-hermes
    - React-jsi
    - React-jsiexecutor
    - React-jsinspector
    - React-perflogger
    - React-runtimescheduler
    - React-utils
    - SocketRocket (= 0.7.0)
    - Yoga
  - React-Core/RCTNetworkHeaders (0.74.5-0):
    - glog
    - hermes-engine
    - RCT-Folly (= 2024.01.01.00)
    - RCTDeprecation
    - React-Core/Default
    - React-cxxreact
    - React-featureflags
    - React-hermes
    - React-jsi
    - React-jsiexecutor
    - React-jsinspector
    - React-perflogger
    - React-runtimescheduler
    - React-utils
    - SocketRocket (= 0.7.0)
    - Yoga
  - React-Core/RCTSettingsHeaders (0.74.5-0):
    - glog
    - hermes-engine
    - RCT-Folly (= 2024.01.01.00)
    - RCTDeprecation
    - React-Core/Default
    - React-cxxreact
    - React-featureflags
    - React-hermes
    - React-jsi
    - React-jsiexecutor
    - React-jsinspector
    - React-perflogger
    - React-runtimescheduler
    - React-utils
    - SocketRocket (= 0.7.0)
    - Yoga
  - React-Core/RCTTextHeaders (0.74.5-0):
    - glog
    - hermes-engine
    - RCT-Folly (= 2024.01.01.00)
    - RCTDeprecation
    - React-Core/Default
    - React-cxxreact
    - React-featureflags
    - React-hermes
    - React-jsi
    - React-jsiexecutor
    - React-jsinspector
    - React-perflogger
    - React-runtimescheduler
    - React-utils
    - SocketRocket (= 0.7.0)
    - Yoga
  - React-Core/RCTWebSocket (0.74.5-0):
    - glog
    - hermes-engine
    - RCT-Folly (= 2024.01.01.00)
    - RCTDeprecation
    - React-Core/Default (= 0.74.5-0)
    - React-cxxreact
    - React-featureflags
    - React-hermes
    - React-jsi
    - React-jsiexecutor
    - React-jsinspector
    - React-perflogger
    - React-runtimescheduler
    - React-utils
    - SocketRocket (= 0.7.0)
    - Yoga
  - React-CoreModules (0.74.5-0):
    - DoubleConversion
    - fmt (= 9.1.0)
    - RCT-Folly (= 2024.01.01.00)
    - RCTTypeSafety (= 0.74.5-0)
    - React-Codegen
    - React-Core/CoreModulesHeaders (= 0.74.5-0)
    - React-jsi (= 0.74.5-0)
    - React-jsinspector
    - React-NativeModulesApple
    - React-RCTBlob
    - React-RCTImage (= 0.74.5-0)
    - ReactCommon
    - SocketRocket (= 0.7.0)
  - React-cxxreact (0.74.5-0):
    - boost (= 1.83.0)
    - DoubleConversion
    - fmt (= 9.1.0)
    - glog
    - hermes-engine
    - RCT-Folly (= 2024.01.01.00)
    - React-callinvoker (= 0.74.5-0)
    - React-debug (= 0.74.5-0)
    - React-jsi (= 0.74.5-0)
    - React-jsinspector
    - React-logger (= 0.74.5-0)
    - React-perflogger (= 0.74.5-0)
    - React-runtimeexecutor (= 0.74.5-0)
  - React-debug (0.74.5-0)
  - React-Fabric (0.74.5-0):
    - DoubleConversion
    - fmt (= 9.1.0)
    - glog
    - hermes-engine
    - RCT-Folly/Fabric (= 2024.01.01.00)
    - RCTRequired
    - RCTTypeSafety
    - React-Core
    - React-cxxreact
    - React-debug
    - React-Fabric/animations (= 0.74.5-0)
    - React-Fabric/attributedstring (= 0.74.5-0)
    - React-Fabric/componentregistry (= 0.74.5-0)
    - React-Fabric/componentregistrynative (= 0.74.5-0)
    - React-Fabric/components (= 0.74.5-0)
    - React-Fabric/core (= 0.74.5-0)
    - React-Fabric/imagemanager (= 0.74.5-0)
    - React-Fabric/leakchecker (= 0.74.5-0)
    - React-Fabric/mounting (= 0.74.5-0)
    - React-Fabric/scheduler (= 0.74.5-0)
    - React-Fabric/telemetry (= 0.74.5-0)
    - React-Fabric/templateprocessor (= 0.74.5-0)
    - React-Fabric/textlayoutmanager (= 0.74.5-0)
    - React-Fabric/uimanager (= 0.74.5-0)
    - React-graphics
    - React-jsi
    - React-jsiexecutor
    - React-logger
    - React-rendererdebug
    - React-runtimescheduler
    - React-utils
    - ReactCommon/turbomodule/core
  - React-Fabric/animations (0.74.5-0):
    - DoubleConversion
    - fmt (= 9.1.0)
    - glog
    - hermes-engine
    - RCT-Folly/Fabric (= 2024.01.01.00)
    - RCTRequired
    - RCTTypeSafety
    - React-Core
    - React-cxxreact
    - React-debug
    - React-graphics
    - React-jsi
    - React-jsiexecutor
    - React-logger
    - React-rendererdebug
    - React-runtimescheduler
    - React-utils
    - ReactCommon/turbomodule/core
  - React-Fabric/attributedstring (0.74.5-0):
    - DoubleConversion
    - fmt (= 9.1.0)
    - glog
    - hermes-engine
    - RCT-Folly/Fabric (= 2024.01.01.00)
    - RCTRequired
    - RCTTypeSafety
    - React-Core
    - React-cxxreact
    - React-debug
    - React-graphics
    - React-jsi
    - React-jsiexecutor
    - React-logger
    - React-rendererdebug
    - React-runtimescheduler
    - React-utils
    - ReactCommon/turbomodule/core
  - React-Fabric/componentregistry (0.74.5-0):
    - DoubleConversion
    - fmt (= 9.1.0)
    - glog
    - hermes-engine
    - RCT-Folly/Fabric (= 2024.01.01.00)
    - RCTRequired
    - RCTTypeSafety
    - React-Core
    - React-cxxreact
    - React-debug
    - React-graphics
    - React-jsi
    - React-jsiexecutor
    - React-logger
    - React-rendererdebug
    - React-runtimescheduler
    - React-utils
    - ReactCommon/turbomodule/core
  - React-Fabric/componentregistrynative (0.74.5-0):
    - DoubleConversion
    - fmt (= 9.1.0)
    - glog
    - hermes-engine
    - RCT-Folly/Fabric (= 2024.01.01.00)
    - RCTRequired
    - RCTTypeSafety
    - React-Core
    - React-cxxreact
    - React-debug
    - React-graphics
    - React-jsi
    - React-jsiexecutor
    - React-logger
    - React-rendererdebug
    - React-runtimescheduler
    - React-utils
    - ReactCommon/turbomodule/core
  - React-Fabric/components (0.74.5-0):
    - DoubleConversion
    - fmt (= 9.1.0)
    - glog
    - hermes-engine
    - RCT-Folly/Fabric (= 2024.01.01.00)
    - RCTRequired
    - RCTTypeSafety
    - React-Core
    - React-cxxreact
    - React-debug
    - React-Fabric/components/inputaccessory (= 0.74.5-0)
    - React-Fabric/components/legacyviewmanagerinterop (= 0.74.5-0)
    - React-Fabric/components/modal (= 0.74.5-0)
    - React-Fabric/components/rncore (= 0.74.5-0)
    - React-Fabric/components/root (= 0.74.5-0)
    - React-Fabric/components/safeareaview (= 0.74.5-0)
    - React-Fabric/components/scrollview (= 0.74.5-0)
    - React-Fabric/components/text (= 0.74.5-0)
    - React-Fabric/components/textinput (= 0.74.5-0)
    - React-Fabric/components/unimplementedview (= 0.74.5-0)
    - React-Fabric/components/view (= 0.74.5-0)
    - React-graphics
    - React-jsi
    - React-jsiexecutor
    - React-logger
    - React-rendererdebug
    - React-runtimescheduler
    - React-utils
    - ReactCommon/turbomodule/core
  - React-Fabric/components/inputaccessory (0.74.5-0):
    - DoubleConversion
    - fmt (= 9.1.0)
    - glog
    - hermes-engine
    - RCT-Folly/Fabric (= 2024.01.01.00)
    - RCTRequired
    - RCTTypeSafety
    - React-Core
    - React-cxxreact
    - React-debug
    - React-graphics
    - React-jsi
    - React-jsiexecutor
    - React-logger
    - React-rendererdebug
    - React-runtimescheduler
    - React-utils
    - ReactCommon/turbomodule/core
  - React-Fabric/components/legacyviewmanagerinterop (0.74.5-0):
    - DoubleConversion
    - fmt (= 9.1.0)
    - glog
    - hermes-engine
    - RCT-Folly/Fabric (= 2024.01.01.00)
    - RCTRequired
    - RCTTypeSafety
    - React-Core
    - React-cxxreact
    - React-debug
    - React-graphics
    - React-jsi
    - React-jsiexecutor
    - React-logger
    - React-rendererdebug
    - React-runtimescheduler
    - React-utils
    - ReactCommon/turbomodule/core
  - React-Fabric/components/modal (0.74.5-0):
    - DoubleConversion
    - fmt (= 9.1.0)
    - glog
    - hermes-engine
    - RCT-Folly/Fabric (= 2024.01.01.00)
    - RCTRequired
    - RCTTypeSafety
    - React-Core
    - React-cxxreact
    - React-debug
    - React-graphics
    - React-jsi
    - React-jsiexecutor
    - React-logger
    - React-rendererdebug
    - React-runtimescheduler
    - React-utils
    - ReactCommon/turbomodule/core
  - React-Fabric/components/rncore (0.74.5-0):
    - DoubleConversion
    - fmt (= 9.1.0)
    - glog
    - hermes-engine
    - RCT-Folly/Fabric (= 2024.01.01.00)
    - RCTRequired
    - RCTTypeSafety
    - React-Core
    - React-cxxreact
    - React-debug
    - React-graphics
    - React-jsi
    - React-jsiexecutor
    - React-logger
    - React-rendererdebug
    - React-runtimescheduler
    - React-utils
    - ReactCommon/turbomodule/core
  - React-Fabric/components/root (0.74.5-0):
    - DoubleConversion
    - fmt (= 9.1.0)
    - glog
    - hermes-engine
    - RCT-Folly/Fabric (= 2024.01.01.00)
    - RCTRequired
    - RCTTypeSafety
    - React-Core
    - React-cxxreact
    - React-debug
    - React-graphics
    - React-jsi
    - React-jsiexecutor
    - React-logger
    - React-rendererdebug
    - React-runtimescheduler
    - React-utils
    - ReactCommon/turbomodule/core
  - React-Fabric/components/safeareaview (0.74.5-0):
    - DoubleConversion
    - fmt (= 9.1.0)
    - glog
    - hermes-engine
    - RCT-Folly/Fabric (= 2024.01.01.00)
    - RCTRequired
    - RCTTypeSafety
    - React-Core
    - React-cxxreact
    - React-debug
    - React-graphics
    - React-jsi
    - React-jsiexecutor
    - React-logger
    - React-rendererdebug
    - React-runtimescheduler
    - React-utils
    - ReactCommon/turbomodule/core
  - React-Fabric/components/scrollview (0.74.5-0):
    - DoubleConversion
    - fmt (= 9.1.0)
    - glog
    - hermes-engine
    - RCT-Folly/Fabric (= 2024.01.01.00)
    - RCTRequired
    - RCTTypeSafety
    - React-Core
    - React-cxxreact
    - React-debug
    - React-graphics
    - React-jsi
    - React-jsiexecutor
    - React-logger
    - React-rendererdebug
    - React-runtimescheduler
    - React-utils
    - ReactCommon/turbomodule/core
  - React-Fabric/components/text (0.74.5-0):
    - DoubleConversion
    - fmt (= 9.1.0)
    - glog
    - hermes-engine
    - RCT-Folly/Fabric (= 2024.01.01.00)
    - RCTRequired
    - RCTTypeSafety
    - React-Core
    - React-cxxreact
    - React-debug
    - React-graphics
    - React-jsi
    - React-jsiexecutor
    - React-logger
    - React-rendererdebug
    - React-runtimescheduler
    - React-utils
    - ReactCommon/turbomodule/core
  - React-Fabric/components/textinput (0.74.5-0):
    - DoubleConversion
    - fmt (= 9.1.0)
    - glog
    - hermes-engine
    - RCT-Folly/Fabric (= 2024.01.01.00)
    - RCTRequired
    - RCTTypeSafety
    - React-Core
    - React-cxxreact
    - React-debug
    - React-graphics
    - React-jsi
    - React-jsiexecutor
    - React-logger
    - React-rendererdebug
    - React-runtimescheduler
    - React-utils
    - ReactCommon/turbomodule/core
  - React-Fabric/components/unimplementedview (0.74.5-0):
    - DoubleConversion
    - fmt (= 9.1.0)
    - glog
    - hermes-engine
    - RCT-Folly/Fabric (= 2024.01.01.00)
    - RCTRequired
    - RCTTypeSafety
    - React-Core
    - React-cxxreact
    - React-debug
    - React-graphics
    - React-jsi
    - React-jsiexecutor
    - React-logger
    - React-rendererdebug
    - React-runtimescheduler
    - React-utils
    - ReactCommon/turbomodule/core
  - React-Fabric/components/view (0.74.5-0):
    - DoubleConversion
    - fmt (= 9.1.0)
    - glog
    - hermes-engine
    - RCT-Folly/Fabric (= 2024.01.01.00)
    - RCTRequired
    - RCTTypeSafety
    - React-Core
    - React-cxxreact
    - React-debug
    - React-graphics
    - React-jsi
    - React-jsiexecutor
    - React-logger
    - React-rendererdebug
    - React-runtimescheduler
    - React-utils
    - ReactCommon/turbomodule/core
    - Yoga
  - React-Fabric/core (0.74.5-0):
    - DoubleConversion
    - fmt (= 9.1.0)
    - glog
    - hermes-engine
    - RCT-Folly/Fabric (= 2024.01.01.00)
    - RCTRequired
    - RCTTypeSafety
    - React-Core
    - React-cxxreact
    - React-debug
    - React-graphics
    - React-jsi
    - React-jsiexecutor
    - React-logger
    - React-rendererdebug
    - React-runtimescheduler
    - React-utils
    - ReactCommon/turbomodule/core
  - React-Fabric/imagemanager (0.74.5-0):
    - DoubleConversion
    - fmt (= 9.1.0)
    - glog
    - hermes-engine
    - RCT-Folly/Fabric (= 2024.01.01.00)
    - RCTRequired
    - RCTTypeSafety
    - React-Core
    - React-cxxreact
    - React-debug
    - React-graphics
    - React-jsi
    - React-jsiexecutor
    - React-logger
    - React-rendererdebug
    - React-runtimescheduler
    - React-utils
    - ReactCommon/turbomodule/core
  - React-Fabric/leakchecker (0.74.5-0):
    - DoubleConversion
    - fmt (= 9.1.0)
    - glog
    - hermes-engine
    - RCT-Folly/Fabric (= 2024.01.01.00)
    - RCTRequired
    - RCTTypeSafety
    - React-Core
    - React-cxxreact
    - React-debug
    - React-graphics
    - React-jsi
    - React-jsiexecutor
    - React-logger
    - React-rendererdebug
    - React-runtimescheduler
    - React-utils
    - ReactCommon/turbomodule/core
  - React-Fabric/mounting (0.74.5-0):
    - DoubleConversion
    - fmt (= 9.1.0)
    - glog
    - hermes-engine
    - RCT-Folly/Fabric (= 2024.01.01.00)
    - RCTRequired
    - RCTTypeSafety
    - React-Core
    - React-cxxreact
    - React-debug
    - React-graphics
    - React-jsi
    - React-jsiexecutor
    - React-logger
    - React-rendererdebug
    - React-runtimescheduler
    - React-utils
    - ReactCommon/turbomodule/core
  - React-Fabric/scheduler (0.74.5-0):
    - DoubleConversion
    - fmt (= 9.1.0)
    - glog
    - hermes-engine
    - RCT-Folly/Fabric (= 2024.01.01.00)
    - RCTRequired
    - RCTTypeSafety
    - React-Core
    - React-cxxreact
    - React-debug
    - React-graphics
    - React-jsi
    - React-jsiexecutor
    - React-logger
    - React-rendererdebug
    - React-runtimescheduler
    - React-utils
    - ReactCommon/turbomodule/core
  - React-Fabric/telemetry (0.74.5-0):
    - DoubleConversion
    - fmt (= 9.1.0)
    - glog
    - hermes-engine
    - RCT-Folly/Fabric (= 2024.01.01.00)
    - RCTRequired
    - RCTTypeSafety
    - React-Core
    - React-cxxreact
    - React-debug
    - React-graphics
    - React-jsi
    - React-jsiexecutor
    - React-logger
    - React-rendererdebug
    - React-runtimescheduler
    - React-utils
    - ReactCommon/turbomodule/core
  - React-Fabric/templateprocessor (0.74.5-0):
    - DoubleConversion
    - fmt (= 9.1.0)
    - glog
    - hermes-engine
    - RCT-Folly/Fabric (= 2024.01.01.00)
    - RCTRequired
    - RCTTypeSafety
    - React-Core
    - React-cxxreact
    - React-debug
    - React-graphics
    - React-jsi
    - React-jsiexecutor
    - React-logger
    - React-rendererdebug
    - React-runtimescheduler
    - React-utils
    - ReactCommon/turbomodule/core
  - React-Fabric/textlayoutmanager (0.74.5-0):
    - DoubleConversion
    - fmt (= 9.1.0)
    - glog
    - hermes-engine
    - RCT-Folly/Fabric (= 2024.01.01.00)
    - RCTRequired
    - RCTTypeSafety
    - React-Core
    - React-cxxreact
    - React-debug
    - React-Fabric/uimanager
    - React-graphics
    - React-jsi
    - React-jsiexecutor
    - React-logger
    - React-rendererdebug
    - React-runtimescheduler
    - React-utils
    - ReactCommon/turbomodule/core
  - React-Fabric/uimanager (0.74.5-0):
    - DoubleConversion
    - fmt (= 9.1.0)
    - glog
    - hermes-engine
    - RCT-Folly/Fabric (= 2024.01.01.00)
    - RCTRequired
    - RCTTypeSafety
    - React-Core
    - React-cxxreact
    - React-debug
    - React-graphics
    - React-jsi
    - React-jsiexecutor
    - React-logger
    - React-rendererdebug
    - React-runtimescheduler
    - React-utils
    - ReactCommon/turbomodule/core
  - React-FabricImage (0.74.5-0):
    - DoubleConversion
    - fmt (= 9.1.0)
    - glog
    - hermes-engine
    - RCT-Folly/Fabric (= 2024.01.01.00)
    - RCTRequired (= 0.74.5-0)
    - RCTTypeSafety (= 0.74.5-0)
    - React-Fabric
    - React-graphics
    - React-ImageManager
    - React-jsi
    - React-jsiexecutor (= 0.74.5-0)
    - React-logger
    - React-rendererdebug
    - React-utils
    - ReactCommon
    - Yoga
  - React-featureflags (0.74.5-0)
  - React-graphics (0.74.5-0):
    - DoubleConversion
    - fmt (= 9.1.0)
    - glog
    - RCT-Folly/Fabric (= 2024.01.01.00)
    - React-Core/Default (= 0.74.5-0)
    - React-utils
  - React-hermes (0.74.5-0):
    - DoubleConversion
    - fmt (= 9.1.0)
    - glog
    - hermes-engine
    - RCT-Folly (= 2024.01.01.00)
    - React-cxxreact (= 0.74.5-0)
    - React-jsi
    - React-jsiexecutor (= 0.74.5-0)
    - React-jsinspector
    - React-perflogger (= 0.74.5-0)
    - React-runtimeexecutor
  - React-ImageManager (0.74.5-0):
    - glog
    - RCT-Folly/Fabric
    - React-Core/Default
    - React-debug
    - React-Fabric
    - React-graphics
    - React-rendererdebug
    - React-utils
  - React-jserrorhandler (0.74.5-0):
    - RCT-Folly/Fabric (= 2024.01.01.00)
    - React-debug
    - React-jsi
    - React-Mapbuffer
  - React-jsi (0.74.5-0):
    - boost (= 1.83.0)
    - DoubleConversion
    - fmt (= 9.1.0)
    - glog
    - hermes-engine
    - RCT-Folly (= 2024.01.01.00)
  - React-jsiexecutor (0.74.5-0):
    - DoubleConversion
    - fmt (= 9.1.0)
    - glog
    - hermes-engine
    - RCT-Folly (= 2024.01.01.00)
    - React-cxxreact (= 0.74.5-0)
    - React-jsi (= 0.74.5-0)
    - React-jsinspector
    - React-perflogger (= 0.74.5-0)
  - React-jsinspector (0.74.5-0):
    - DoubleConversion
    - glog
    - hermes-engine
    - RCT-Folly (= 2024.01.01.00)
    - React-featureflags
    - React-jsi
    - React-runtimeexecutor (= 0.74.5-0)
  - React-jsitracing (0.74.5-0):
    - React-jsi
  - React-logger (0.74.5-0):
    - glog
  - React-Mapbuffer (0.74.5-0):
    - glog
    - React-debug
  - react-native-orientation-locker (1.7.0):
    - React-Core
  - react-native-safe-area-context (4.10.5):
    - React-Core
  - React-nativeconfig (0.74.5-0)
  - React-NativeModulesApple (0.74.5-0):
    - glog
    - hermes-engine
    - React-callinvoker
    - React-Core
    - React-cxxreact
    - React-jsi
    - React-jsinspector
    - React-runtimeexecutor
    - ReactCommon/turbomodule/bridging
    - ReactCommon/turbomodule/core
  - React-perflogger (0.74.5-0)
  - React-RCTActionSheet (0.74.5-0):
    - React-Core/RCTActionSheetHeaders (= 0.74.5-0)
  - React-RCTAnimation (0.74.5-0):
    - RCT-Folly (= 2024.01.01.00)
    - RCTTypeSafety
    - React-Codegen
    - React-Core/RCTAnimationHeaders
    - React-jsi
    - React-NativeModulesApple
    - ReactCommon
  - React-RCTAppDelegate (0.74.5-0):
    - RCT-Folly (= 2024.01.01.00)
    - RCTRequired
    - RCTTypeSafety
    - React-Codegen
    - React-Core
    - React-CoreModules
    - React-debug
    - React-Fabric
    - React-featureflags
    - React-graphics
    - React-hermes
    - React-nativeconfig
    - React-NativeModulesApple
    - React-RCTFabric
    - React-RCTImage
    - React-RCTNetwork
    - React-rendererdebug
    - React-RuntimeApple
    - React-RuntimeCore
    - React-RuntimeHermes
    - React-runtimescheduler
    - React-utils
    - ReactCommon
  - React-RCTBlob (0.74.5-0):
    - DoubleConversion
    - fmt (= 9.1.0)
    - hermes-engine
    - RCT-Folly (= 2024.01.01.00)
    - React-Codegen
    - React-Core/RCTBlobHeaders
    - React-Core/RCTWebSocket
    - React-jsi
    - React-jsinspector
    - React-NativeModulesApple
    - React-RCTNetwork
    - ReactCommon
  - React-RCTFabric (0.74.5-0):
    - glog
    - hermes-engine
    - RCT-Folly/Fabric (= 2024.01.01.00)
    - React-Core
    - React-debug
    - React-Fabric
    - React-FabricImage
    - React-featureflags
    - React-graphics
    - React-ImageManager
    - React-jsi
    - React-jsinspector
    - React-nativeconfig
    - React-RCTImage
    - React-RCTText
    - React-rendererdebug
    - React-runtimescheduler
    - React-utils
    - Yoga
  - React-RCTImage (0.74.5-0):
    - RCT-Folly (= 2024.01.01.00)
    - RCTTypeSafety
    - React-Codegen
    - React-Core/RCTImageHeaders
    - React-jsi
    - React-NativeModulesApple
    - React-RCTNetwork
    - ReactCommon
  - React-RCTLinking (0.74.5-0):
    - React-Codegen
    - React-Core/RCTLinkingHeaders (= 0.74.5-0)
    - React-jsi (= 0.74.5-0)
    - React-NativeModulesApple
    - ReactCommon
    - ReactCommon/turbomodule/core (= 0.74.5-0)
  - React-RCTNetwork (0.74.5-0):
    - RCT-Folly (= 2024.01.01.00)
    - RCTTypeSafety
    - React-Codegen
    - React-Core/RCTNetworkHeaders
    - React-jsi
    - React-NativeModulesApple
    - ReactCommon
  - React-RCTSettings (0.74.5-0):
    - RCT-Folly (= 2024.01.01.00)
    - RCTTypeSafety
    - React-Codegen
    - React-Core/RCTSettingsHeaders
    - React-jsi
    - React-NativeModulesApple
    - ReactCommon
  - React-RCTText (0.74.5-0):
    - React-Core/RCTTextHeaders (= 0.74.5-0)
    - Yoga
  - React-rendererdebug (0.74.5-0):
    - DoubleConversion
    - fmt (= 9.1.0)
    - RCT-Folly (= 2024.01.01.00)
    - React-debug
  - React-rncore (0.74.5-0)
  - React-RuntimeApple (0.74.5-0):
    - hermes-engine
    - RCT-Folly/Fabric (= 2024.01.01.00)
    - React-callinvoker
    - React-Core/Default
    - React-CoreModules
    - React-cxxreact
    - React-jserrorhandler
    - React-jsi
    - React-jsiexecutor
    - React-jsinspector
    - React-Mapbuffer
    - React-NativeModulesApple
    - React-RCTFabric
    - React-RuntimeCore
    - React-runtimeexecutor
    - React-RuntimeHermes
    - React-utils
  - React-RuntimeCore (0.74.5-0):
    - glog
    - hermes-engine
    - RCT-Folly/Fabric (= 2024.01.01.00)
    - React-cxxreact
    - React-featureflags
    - React-jserrorhandler
    - React-jsi
    - React-jsiexecutor
    - React-jsinspector
    - React-runtimeexecutor
    - React-runtimescheduler
    - React-utils
  - React-runtimeexecutor (0.74.5-0):
    - React-jsi (= 0.74.5-0)
  - React-RuntimeHermes (0.74.5-0):
    - hermes-engine
    - RCT-Folly/Fabric (= 2024.01.01.00)
    - React-featureflags
    - React-hermes
    - React-jsi
    - React-jsinspector
    - React-jsitracing
    - React-nativeconfig
    - React-RuntimeCore
    - React-utils
  - React-runtimescheduler (0.74.5-0):
    - glog
    - hermes-engine
    - RCT-Folly (= 2024.01.01.00)
    - React-callinvoker
    - React-cxxreact
    - React-debug
    - React-featureflags
    - React-jsi
    - React-rendererdebug
    - React-runtimeexecutor
    - React-utils
  - React-utils (0.74.5-0):
    - glog
    - hermes-engine
    - RCT-Folly (= 2024.01.01.00)
    - React-debug
    - React-jsi (= 0.74.5-0)
  - ReactCommon (0.74.5-0):
    - ReactCommon/turbomodule (= 0.74.5-0)
  - ReactCommon/turbomodule (0.74.5-0):
    - DoubleConversion
    - fmt (= 9.1.0)
    - glog
    - hermes-engine
    - RCT-Folly (= 2024.01.01.00)
    - React-callinvoker (= 0.74.5-0)
    - React-cxxreact (= 0.74.5-0)
    - React-jsi (= 0.74.5-0)
    - React-logger (= 0.74.5-0)
    - React-perflogger (= 0.74.5-0)
    - ReactCommon/turbomodule/bridging (= 0.74.5-0)
    - ReactCommon/turbomodule/core (= 0.74.5-0)
  - ReactCommon/turbomodule/bridging (0.74.5-0):
    - DoubleConversion
    - fmt (= 9.1.0)
    - glog
    - hermes-engine
    - RCT-Folly (= 2024.01.01.00)
    - React-callinvoker (= 0.74.5-0)
    - React-cxxreact (= 0.74.5-0)
    - React-jsi (= 0.74.5-0)
    - React-logger (= 0.74.5-0)
    - React-perflogger (= 0.74.5-0)
  - ReactCommon/turbomodule/core (0.74.5-0):
    - DoubleConversion
    - fmt (= 9.1.0)
    - glog
    - hermes-engine
    - RCT-Folly (= 2024.01.01.00)
    - React-callinvoker (= 0.74.5-0)
    - React-cxxreact (= 0.74.5-0)
    - React-debug (= 0.74.5-0)
    - React-jsi (= 0.74.5-0)
    - React-logger (= 0.74.5-0)
    - React-perflogger (= 0.74.5-0)
    - React-utils (= 0.74.5-0)
  - RNScreens (3.31.1):
    - DoubleConversion
    - glog
    - hermes-engine
    - RCT-Folly (= 2024.01.01.00)
    - RCTRequired
    - RCTTypeSafety
    - React-Codegen
    - React-Core
    - React-debug
    - React-Fabric
    - React-featureflags
    - React-graphics
    - React-ImageManager
    - React-NativeModulesApple
    - React-RCTFabric
    - React-RCTImage
    - React-rendererdebug
    - React-utils
    - ReactCommon/turbomodule/bridging
    - ReactCommon/turbomodule/core
    - Yoga
  - SocketRocket (0.7.0)
  - Yoga (0.0.0)

DEPENDENCIES:
  - BitmovinPlayerReactNative (from `../../ios`)
  - boost (from `../node_modules/react-native/third-party-podspecs/boost.podspec`)
  - DoubleConversion (from `../node_modules/react-native/third-party-podspecs/DoubleConversion.podspec`)
  - EXConstants (from `../node_modules/expo-constants/ios`)
  - Expo (from `../node_modules/expo`)
  - ExpoAsset (from `../node_modules/expo-asset/ios`)
  - ExpoFileSystem (from `../node_modules/expo-file-system/ios`)
  - ExpoFont (from `../node_modules/expo-font/ios`)
  - ExpoKeepAwake (from `../node_modules/expo-keep-awake/ios`)
  - ExpoModulesCore (from `../node_modules/expo-modules-core`)
  - FBLazyVector (from `../node_modules/react-native/Libraries/FBLazyVector`)
  - fmt (from `../node_modules/react-native/third-party-podspecs/fmt.podspec`)
  - glog (from `../node_modules/react-native/third-party-podspecs/glog.podspec`)
  - hermes-engine (from `../node_modules/react-native/sdks/hermes-engine/hermes-engine.podspec`)
  - RCT-Folly (from `../node_modules/react-native/third-party-podspecs/RCT-Folly.podspec`)
  - RCT-Folly/Fabric (from `../node_modules/react-native/third-party-podspecs/RCT-Folly.podspec`)
  - RCTDeprecation (from `../node_modules/react-native/ReactApple/Libraries/RCTFoundation/RCTDeprecation`)
  - RCTRequired (from `../node_modules/react-native/Libraries/Required`)
  - RCTTypeSafety (from `../node_modules/react-native/Libraries/TypeSafety`)
  - React (from `../node_modules/react-native/`)
  - React-callinvoker (from `../node_modules/react-native/ReactCommon/callinvoker`)
  - React-Codegen (from `build/generated/ios`)
  - React-Core (from `../node_modules/react-native/`)
  - React-Core/RCTWebSocket (from `../node_modules/react-native/`)
  - React-CoreModules (from `../node_modules/react-native/React/CoreModules`)
  - React-cxxreact (from `../node_modules/react-native/ReactCommon/cxxreact`)
  - React-debug (from `../node_modules/react-native/ReactCommon/react/debug`)
  - React-Fabric (from `../node_modules/react-native/ReactCommon`)
  - React-FabricImage (from `../node_modules/react-native/ReactCommon`)
  - React-featureflags (from `../node_modules/react-native/ReactCommon/react/featureflags`)
  - React-graphics (from `../node_modules/react-native/ReactCommon/react/renderer/graphics`)
  - React-hermes (from `../node_modules/react-native/ReactCommon/hermes`)
  - React-ImageManager (from `../node_modules/react-native/ReactCommon/react/renderer/imagemanager/platform/ios`)
  - React-jserrorhandler (from `../node_modules/react-native/ReactCommon/jserrorhandler`)
  - React-jsi (from `../node_modules/react-native/ReactCommon/jsi`)
  - React-jsiexecutor (from `../node_modules/react-native/ReactCommon/jsiexecutor`)
  - React-jsinspector (from `../node_modules/react-native/ReactCommon/jsinspector-modern`)
  - React-jsitracing (from `../node_modules/react-native/ReactCommon/hermes/executor/`)
  - React-logger (from `../node_modules/react-native/ReactCommon/logger`)
  - React-Mapbuffer (from `../node_modules/react-native/ReactCommon`)
  - react-native-orientation-locker (from `../node_modules/react-native-orientation-locker`)
  - react-native-safe-area-context (from `../node_modules/react-native-safe-area-context`)
  - React-nativeconfig (from `../node_modules/react-native/ReactCommon`)
  - React-NativeModulesApple (from `../node_modules/react-native/ReactCommon/react/nativemodule/core/platform/ios`)
  - React-perflogger (from `../node_modules/react-native/ReactCommon/reactperflogger`)
  - React-RCTActionSheet (from `../node_modules/react-native/Libraries/ActionSheetIOS`)
  - React-RCTAnimation (from `../node_modules/react-native/Libraries/NativeAnimation`)
  - React-RCTAppDelegate (from `../node_modules/react-native/Libraries/AppDelegate`)
  - React-RCTBlob (from `../node_modules/react-native/Libraries/Blob`)
  - React-RCTFabric (from `../node_modules/react-native/React`)
  - React-RCTImage (from `../node_modules/react-native/Libraries/Image`)
  - React-RCTLinking (from `../node_modules/react-native/Libraries/LinkingIOS`)
  - React-RCTNetwork (from `../node_modules/react-native/Libraries/Network`)
  - React-RCTSettings (from `../node_modules/react-native/Libraries/Settings`)
  - React-RCTText (from `../node_modules/react-native/Libraries/Text`)
  - React-rendererdebug (from `../node_modules/react-native/ReactCommon/react/renderer/debug`)
  - React-rncore (from `../node_modules/react-native/ReactCommon`)
  - React-RuntimeApple (from `../node_modules/react-native/ReactCommon/react/runtime/platform/ios`)
  - React-RuntimeCore (from `../node_modules/react-native/ReactCommon/react/runtime`)
  - React-runtimeexecutor (from `../node_modules/react-native/ReactCommon/runtimeexecutor`)
  - React-RuntimeHermes (from `../node_modules/react-native/ReactCommon/react/runtime`)
  - React-runtimescheduler (from `../node_modules/react-native/ReactCommon/react/renderer/runtimescheduler`)
  - React-utils (from `../node_modules/react-native/ReactCommon/react/utils`)
  - ReactCommon/turbomodule/core (from `../node_modules/react-native/ReactCommon`)
  - RNScreens (from `../node_modules/react-native-screens`)
  - Yoga (from `../node_modules/react-native/ReactCommon/yoga`)

SPEC REPOS:
  trunk:
    - BitmovinAnalyticsCollector
    - BitmovinPlayer
    - BitmovinPlayerCore
    - GoogleAds-IMA-tvOS-SDK
    - SocketRocket

EXTERNAL SOURCES:
  BitmovinPlayerReactNative:
    :path: "../../ios"
  boost:
    :podspec: "../node_modules/react-native/third-party-podspecs/boost.podspec"
  DoubleConversion:
    :podspec: "../node_modules/react-native/third-party-podspecs/DoubleConversion.podspec"
  EXConstants:
    :path: "../node_modules/expo-constants/ios"
  Expo:
    :path: "../node_modules/expo"
  ExpoAsset:
    :path: "../node_modules/expo-asset/ios"
  ExpoFileSystem:
    :path: "../node_modules/expo-file-system/ios"
  ExpoFont:
    :path: "../node_modules/expo-font/ios"
  ExpoKeepAwake:
    :path: "../node_modules/expo-keep-awake/ios"
  ExpoModulesCore:
    :path: "../node_modules/expo-modules-core"
  FBLazyVector:
    :path: "../node_modules/react-native/Libraries/FBLazyVector"
  fmt:
    :podspec: "../node_modules/react-native/third-party-podspecs/fmt.podspec"
  glog:
    :podspec: "../node_modules/react-native/third-party-podspecs/glog.podspec"
  hermes-engine:
    :podspec: "../node_modules/react-native/sdks/hermes-engine/hermes-engine.podspec"
    :tag: hermes-2024-06-28-RNv0.74.3-8a42e289991d48575dcb4012ea9205d707dac43d
  RCT-Folly:
    :podspec: "../node_modules/react-native/third-party-podspecs/RCT-Folly.podspec"
  RCTDeprecation:
    :path: "../node_modules/react-native/ReactApple/Libraries/RCTFoundation/RCTDeprecation"
  RCTRequired:
    :path: "../node_modules/react-native/Libraries/Required"
  RCTTypeSafety:
    :path: "../node_modules/react-native/Libraries/TypeSafety"
  React:
    :path: "../node_modules/react-native/"
  React-callinvoker:
    :path: "../node_modules/react-native/ReactCommon/callinvoker"
  React-Codegen:
    :path: build/generated/ios
  React-Core:
    :path: "../node_modules/react-native/"
  React-CoreModules:
    :path: "../node_modules/react-native/React/CoreModules"
  React-cxxreact:
    :path: "../node_modules/react-native/ReactCommon/cxxreact"
  React-debug:
    :path: "../node_modules/react-native/ReactCommon/react/debug"
  React-Fabric:
    :path: "../node_modules/react-native/ReactCommon"
  React-FabricImage:
    :path: "../node_modules/react-native/ReactCommon"
  React-featureflags:
    :path: "../node_modules/react-native/ReactCommon/react/featureflags"
  React-graphics:
    :path: "../node_modules/react-native/ReactCommon/react/renderer/graphics"
  React-hermes:
    :path: "../node_modules/react-native/ReactCommon/hermes"
  React-ImageManager:
    :path: "../node_modules/react-native/ReactCommon/react/renderer/imagemanager/platform/ios"
  React-jserrorhandler:
    :path: "../node_modules/react-native/ReactCommon/jserrorhandler"
  React-jsi:
    :path: "../node_modules/react-native/ReactCommon/jsi"
  React-jsiexecutor:
    :path: "../node_modules/react-native/ReactCommon/jsiexecutor"
  React-jsinspector:
    :path: "../node_modules/react-native/ReactCommon/jsinspector-modern"
  React-jsitracing:
    :path: "../node_modules/react-native/ReactCommon/hermes/executor/"
  React-logger:
    :path: "../node_modules/react-native/ReactCommon/logger"
  React-Mapbuffer:
    :path: "../node_modules/react-native/ReactCommon"
  react-native-orientation-locker:
    :path: "../node_modules/react-native-orientation-locker"
  react-native-safe-area-context:
    :path: "../node_modules/react-native-safe-area-context"
  React-nativeconfig:
    :path: "../node_modules/react-native/ReactCommon"
  React-NativeModulesApple:
    :path: "../node_modules/react-native/ReactCommon/react/nativemodule/core/platform/ios"
  React-perflogger:
    :path: "../node_modules/react-native/ReactCommon/reactperflogger"
  React-RCTActionSheet:
    :path: "../node_modules/react-native/Libraries/ActionSheetIOS"
  React-RCTAnimation:
    :path: "../node_modules/react-native/Libraries/NativeAnimation"
  React-RCTAppDelegate:
    :path: "../node_modules/react-native/Libraries/AppDelegate"
  React-RCTBlob:
    :path: "../node_modules/react-native/Libraries/Blob"
  React-RCTFabric:
    :path: "../node_modules/react-native/React"
  React-RCTImage:
    :path: "../node_modules/react-native/Libraries/Image"
  React-RCTLinking:
    :path: "../node_modules/react-native/Libraries/LinkingIOS"
  React-RCTNetwork:
    :path: "../node_modules/react-native/Libraries/Network"
  React-RCTSettings:
    :path: "../node_modules/react-native/Libraries/Settings"
  React-RCTText:
    :path: "../node_modules/react-native/Libraries/Text"
  React-rendererdebug:
    :path: "../node_modules/react-native/ReactCommon/react/renderer/debug"
  React-rncore:
    :path: "../node_modules/react-native/ReactCommon"
  React-RuntimeApple:
    :path: "../node_modules/react-native/ReactCommon/react/runtime/platform/ios"
  React-RuntimeCore:
    :path: "../node_modules/react-native/ReactCommon/react/runtime"
  React-runtimeexecutor:
    :path: "../node_modules/react-native/ReactCommon/runtimeexecutor"
  React-RuntimeHermes:
    :path: "../node_modules/react-native/ReactCommon/react/runtime"
  React-runtimescheduler:
    :path: "../node_modules/react-native/ReactCommon/react/renderer/runtimescheduler"
  React-utils:
    :path: "../node_modules/react-native/ReactCommon/react/utils"
  ReactCommon:
    :path: "../node_modules/react-native/ReactCommon"
  RNScreens:
    :path: "../node_modules/react-native-screens"
  Yoga:
    :path: "../node_modules/react-native/ReactCommon/yoga"

SPEC CHECKSUMS:
  BitmovinAnalyticsCollector: 159ff3328f6e517824fae855348a0ff1aae9b5fa
  BitmovinPlayer: ebb00f5376f9340e619e1097c175bc33887a86e3
  BitmovinPlayerCore: 96c7a7f8e3aa61a57175858ded37ed163a609de5
  BitmovinPlayerReactNative: aac340edf3637818b25232c2823ee7869cee7b82
  boost: 88202336c3ba1e7a264a83c0c888784b0f360c28
  DoubleConversion: 00143ab27d470b28035933623e1a3ea37e68889c
  EXConstants: 89d35611505a8ce02550e64e43cd05565da35f9a
  Expo: ed0a748eb6be0efd2c3df7f6de3f3158a14464c9
  ExpoAsset: 286fee7ba711ce66bf20b315e68106b13b8629fc
  ExpoFileSystem: 2988caaf68b7cb706e36d382829d99811d9d76a5
  ExpoFont: 38dddf823e32740c2a9f37c926a33aeca736b5c4
  ExpoKeepAwake: dd02e65d49f1cfd9194640028ae2857e536eb1c9
  ExpoModulesCore: 9ac73e2f60e0ea1d30137ca96cfc8c2aa34ef2b2
  FBLazyVector: a3df5e0e93ad03f65526deee8647cbfd9eea095f
  fmt: 1568fa7b2f242362c45c42d4a15e9dd4b2e621b3
  glog: 5941fa5836fea300e249178dd5a75c96e0207bb9
  GoogleAds-IMA-tvOS-SDK: 9f79f4adcccd2393a93b00f62f566a69175f3978
  hermes-engine: f344cfa62a1c446c55649bd734e7dd3be23d18bc
  RCT-Folly: ed0fcbf4bb4f1d9598f1bf131a62b0c85362a0aa
  RCTDeprecation: 83e9728446042462a2c6ae65acd436a8fa1e509d
  RCTRequired: 33588674977a47c3605698ecf2880504aa439097
  RCTTypeSafety: 3943c78fc40e684a8ad635565ac116a59a3118b7
  React: fae3784df668d10c62fefe37fe1da4b5acb01739
  React-callinvoker: 2d3ca4381b6c6018ed6cf727f52c376a4c48b392
  React-Codegen: dda66a1aa10d8e04f3a7ab63ba63aea43d2fb4eb
  React-Core: ac6da2d3a624a55d82f59cc5f2ac66aeaa5bee97
  React-CoreModules: 760a61a744047d85e0c791b00e72a86002c544bb
  React-cxxreact: 1a66efaf1727fe10df5b9021650ae5876fe178d8
  React-debug: a1ddbe1f74eb8ef9846cd3f1ff547edf8d56f039
  React-Fabric: 45c7534c9e3ba4cb8ebcd04f70fe12cb84da939a
  React-FabricImage: d07cc33e5c444468f350ed6ea7e77096c1417f39
  React-featureflags: 9ec0386f9a87b398a3211195f7f65e6b4129e883
  React-graphics: 94b3481ef21b4fd115e182e83f5eb36ad3982109
  React-hermes: 61c951127030c2eb75e1e76a084803a609437d8d
  React-ImageManager: 733c9fcfc4876e0fe34f62e86a06dfbdf13771f7
  React-jserrorhandler: 66f613179d897905702bb444ceb42d62cab5364b
  React-jsi: 83a41610dacab714f791cc811c1201ae098310b4
  React-jsiexecutor: 1f2bc84e772a2fa1afaedf63e06221d021e634b7
  React-jsinspector: 617664d93130e695cdb25100b88499726c4933b1
  React-jsitracing: ab0adb3d159e3b76b2c4507adf5e40b0f0031ba9
  React-logger: 76cae61f337bc41208b16155f22f04623dfe5eb6
  React-Mapbuffer: cf7c227a3397a0b3922bb5faf22821ec1b619e82
  react-native-orientation-locker: cc6f357b289a2e0dd2210fea0c52cb8e0727fdaa
  react-native-safe-area-context: df9763c5de6fa38883028e243a0b60123acb8858
  React-nativeconfig: 5d3d749a2fefcdb71a9d2d839078aaeb73a9ed57
  React-NativeModulesApple: b121375289748b1ce282ee674512a0ee9b938894
  React-perflogger: dc7aac6511117fb94a24d337114f165fd0df5602
  React-RCTActionSheet: 7ed0b9a4b92a0949810f7bbbc3db2138321098e2
  React-RCTAnimation: 38e99a0d5840d18579d66f9c9e4c297696ca6a51
  React-RCTAppDelegate: 88a2691a31d8f5ed2c7ddb41c3e851f9cb339ba7
  React-RCTBlob: afa7e3e94ba75a69a88ed90a0fb767c9db8bd6a4
  React-RCTFabric: b7237057f86ecf24405cefbf7f3b8c8839583115
  React-RCTImage: 8d3b1923ea519a72b70ead44db17745ddd1d1d67
  React-RCTLinking: 1b0ed5a42543ec5cf54002bee16a489b3bed9c5a
  React-RCTNetwork: b493061ca68ca453620870b327e8545e3d5875f2
  React-RCTSettings: afe78732eed9d40e9916dc4263623c7ea7f9e460
  React-RCTText: d23514f773f6cd102a110747feecc8e1b5adaf1b
  React-rendererdebug: 9b1183d0be8a487876f15c7dfabcc66a2cee3ca6
  React-rncore: 20ab18903a607eb08612ee72b663f8fbfbde2fbb
  React-RuntimeApple: 4e2702fffd74caa7413d8a232546de506c5bdca4
  React-RuntimeCore: d8cae2b52652a656d023aa73958daccbeca0f59e
  React-runtimeexecutor: 50d003e35f94a6a8556d13f11c160bf4cd287ac4
  React-RuntimeHermes: a280840a766dddb1dc231f63bced5dd206857556
  React-runtimescheduler: c0bbe7c3479a32418eab5dd4babeeb859a263c34
  React-utils: 4446bad751d4c8f95c0b05281a44b5e2297afe27
  ReactCommon: e439ef74d74f1fa2036cab56ef7d9711cb8bf602
  RNScreens: a2d8a2555b4653d7a19706eb172f855657ac30d7
  SocketRocket: abac6f5de4d4d62d24e11868d7a2f427e0ef940d
  Yoga: 69701a97cb6d539d522352f92334fa2b383f559c

PODFILE CHECKSUM: 3150e130bc028ebb905b113f93513476aa87bb2d

COCOAPODS: 1.16.2
