PODS:
  - BitmovinPlayer (3.23.0)
  - boost (1.76.0)
  - CocoaAsyncSocket (7.6.5)
  - DoubleConversion (1.1.6)
  - FBLazyVector (0.69.5-1)
  - FBReactNativeSpec (0.69.5-1):
    - RCT-Folly (= 2021.06.28.00-v2)
    - RCTRequired (= 0.69.5-1)
    - RCTTypeSafety (= 0.69.5-1)
    - React-Core (= 0.69.5-1)
    - React-jsi (= 0.69.5-1)
    - ReactCommon/turbomodule/core (= 0.69.5-1)
  - Flipper (0.151.0):
    - Flipper-Folly (~> 2.6)
  - Flipper-Boost-iOSX (1.76.0.1.11)
  - Flipper-DoubleConversion (3.2.0.1)
  - Flipper-Fmt (7.1.7)
  - Flipper-Folly (2.6.10):
    - Flipper-Boost-iOSX
    - Flipper-DoubleConversion
    - Flipper-Fmt (= 7.1.7)
    - Flipper-Glog
    - libevent (~> 2.1.12)
    - OpenSSL-Universal (= 1.1.1100)
  - Flipper-Glog (0.5.0.5)
  - Flipper-PeerTalk (0.0.4)
  - Flipper-RSocket (1.4.3):
    - Flipper-Folly (~> 2.6)
  - FlipperKit (0.151.0):
    - FlipperKit/Core (= 0.151.0)
  - FlipperKit/Core (0.151.0):
    - Flipper (~> 0.151.0)
    - FlipperKit/CppBridge
    - FlipperKit/FBCxxFollyDynamicConvert
    - FlipperKit/FBDefines
    - FlipperKit/FKPortForwarding
    - SocketRocket (~> 0.6.0)
  - FlipperKit/CppBridge (0.151.0):
    - Flipper (~> 0.151.0)
  - FlipperKit/FBCxxFollyDynamicConvert (0.151.0):
    - Flipper-Folly (~> 2.6)
  - FlipperKit/FBDefines (0.151.0)
  - FlipperKit/FKPortForwarding (0.151.0):
    - CocoaAsyncSocket (~> 7.6)
    - Flipper-PeerTalk (~> 0.0.4)
  - FlipperKit/FlipperKitHighlightOverlay (0.151.0)
  - FlipperKit/FlipperKitLayoutHelpers (0.151.0):
    - FlipperKit/Core
    - FlipperKit/FlipperKitHighlightOverlay
    - FlipperKit/FlipperKitLayoutTextSearchable
  - FlipperKit/FlipperKitLayoutIOSDescriptors (0.151.0):
    - FlipperKit/Core
    - FlipperKit/FlipperKitHighlightOverlay
    - FlipperKit/FlipperKitLayoutHelpers
    - YogaKit (~> 1.18)
  - FlipperKit/FlipperKitLayoutPlugin (0.151.0):
    - FlipperKit/Core
    - FlipperKit/FlipperKitHighlightOverlay
    - FlipperKit/FlipperKitLayoutHelpers
    - FlipperKit/FlipperKitLayoutIOSDescriptors
    - FlipperKit/FlipperKitLayoutTextSearchable
    - YogaKit (~> 1.18)
  - FlipperKit/FlipperKitLayoutTextSearchable (0.151.0)
  - FlipperKit/FlipperKitNetworkPlugin (0.151.0):
    - FlipperKit/Core
  - FlipperKit/FlipperKitReactPlugin (0.151.0):
    - FlipperKit/Core
  - FlipperKit/FlipperKitUserDefaultsPlugin (0.151.0):
    - FlipperKit/Core
  - FlipperKit/SKIOSNetworkPlugin (0.151.0):
    - FlipperKit/Core
    - FlipperKit/FlipperKitNetworkPlugin
  - fmt (7.1.3)
  - glog (0.3.5)
  - libevent (2.1.12)
  - OpenSSL-Universal (1.1.1100)
  - RCT-Folly (2021.06.28.00-v2):
    - boost
    - DoubleConversion
    - fmt
    - glog
    - RCT-Folly/Default (= 2021.06.28.00-v2)
  - RCT-Folly/Default (2021.06.28.00-v2):
    - boost
    - DoubleConversion
    - fmt
    - glog
  - RCTRequired (0.69.5-1)
  - RCTTypeSafety (0.69.5-1):
    - FBLazyVector (= 0.69.5-1)
    - RCTRequired (= 0.69.5-1)
    - React-Core (= 0.69.5-1)
  - React (0.69.5-1):
    - React-Core (= 0.69.5-1)
    - React-Core/DevSupport (= 0.69.5-1)
    - React-Core/RCTWebSocket (= 0.69.5-1)
    - React-RCTAnimation (= 0.69.5-1)
    - React-RCTBlob (= 0.69.5-1)
    - React-RCTImage (= 0.69.5-1)
    - React-RCTLinking (= 0.69.5-1)
    - React-RCTNetwork (= 0.69.5-1)
    - React-RCTSettings (= 0.69.5-1)
    - React-RCTText (= 0.69.5-1)
  - React-bridging (0.69.5-1):
    - RCT-Folly (= 2021.06.28.00-v2)
    - React-jsi (= 0.69.5-1)
  - React-callinvoker (0.69.5-1)
  - React-Codegen (0.69.5-1):
    - FBReactNativeSpec (= 0.69.5-1)
    - RCT-Folly (= 2021.06.28.00-v2)
    - RCTRequired (= 0.69.5-1)
    - RCTTypeSafety (= 0.69.5-1)
    - React-Core (= 0.69.5-1)
    - React-jsi (= 0.69.5-1)
    - React-jsiexecutor (= 0.69.5-1)
    - ReactCommon/turbomodule/core (= 0.69.5-1)
  - React-Core (0.69.5-1):
    - glog
    - RCT-Folly (= 2021.06.28.00-v2)
    - React-Core/Default (= 0.69.5-1)
    - React-cxxreact (= 0.69.5-1)
    - React-jsi (= 0.69.5-1)
    - React-jsiexecutor (= 0.69.5-1)
    - React-perflogger (= 0.69.5-1)
    - Yoga
  - React-Core/CoreModulesHeaders (0.69.5-1):
    - glog
    - RCT-Folly (= 2021.06.28.00-v2)
    - React-Core/Default
    - React-cxxreact (= 0.69.5-1)
    - React-jsi (= 0.69.5-1)
    - React-jsiexecutor (= 0.69.5-1)
    - React-perflogger (= 0.69.5-1)
    - Yoga
  - React-Core/Default (0.69.5-1):
    - glog
    - RCT-Folly (= 2021.06.28.00-v2)
    - React-cxxreact (= 0.69.5-1)
    - React-jsi (= 0.69.5-1)
    - React-jsiexecutor (= 0.69.5-1)
    - React-perflogger (= 0.69.5-1)
    - Yoga
  - React-Core/DevSupport (0.69.5-1):
    - glog
    - RCT-Folly (= 2021.06.28.00-v2)
    - React-Core/Default (= 0.69.5-1)
    - React-Core/RCTWebSocket (= 0.69.5-1)
    - React-cxxreact (= 0.69.5-1)
    - React-jsi (= 0.69.5-1)
    - React-jsiexecutor (= 0.69.5-1)
    - React-jsinspector (= 0.69.5-1)
    - React-perflogger (= 0.69.5-1)
    - Yoga
  - React-Core/RCTAnimationHeaders (0.69.5-1):
    - glog
    - RCT-Folly (= 2021.06.28.00-v2)
    - React-Core/Default
    - React-cxxreact (= 0.69.5-1)
    - React-jsi (= 0.69.5-1)
    - React-jsiexecutor (= 0.69.5-1)
    - React-perflogger (= 0.69.5-1)
    - Yoga
  - React-Core/RCTBlobHeaders (0.69.5-1):
    - glog
    - RCT-Folly (= 2021.06.28.00-v2)
    - React-Core/Default
    - React-cxxreact (= 0.69.5-1)
    - React-jsi (= 0.69.5-1)
    - React-jsiexecutor (= 0.69.5-1)
    - React-perflogger (= 0.69.5-1)
    - Yoga
  - React-Core/RCTImageHeaders (0.69.5-1):
    - glog
    - RCT-Folly (= 2021.06.28.00-v2)
    - React-Core/Default
    - React-cxxreact (= 0.69.5-1)
    - React-jsi (= 0.69.5-1)
    - React-jsiexecutor (= 0.69.5-1)
    - React-perflogger (= 0.69.5-1)
    - Yoga
  - React-Core/RCTLinkingHeaders (0.69.5-1):
    - glog
    - RCT-Folly (= 2021.06.28.00-v2)
    - React-Core/Default
    - React-cxxreact (= 0.69.5-1)
    - React-jsi (= 0.69.5-1)
    - React-jsiexecutor (= 0.69.5-1)
    - React-perflogger (= 0.69.5-1)
    - Yoga
  - React-Core/RCTNetworkHeaders (0.69.5-1):
    - glog
    - RCT-Folly (= 2021.06.28.00-v2)
    - React-Core/Default
    - React-cxxreact (= 0.69.5-1)
    - React-jsi (= 0.69.5-1)
    - React-jsiexecutor (= 0.69.5-1)
    - React-perflogger (= 0.69.5-1)
    - Yoga
  - React-Core/RCTSettingsHeaders (0.69.5-1):
    - glog
    - RCT-Folly (= 2021.06.28.00-v2)
    - React-Core/Default
    - React-cxxreact (= 0.69.5-1)
    - React-jsi (= 0.69.5-1)
    - React-jsiexecutor (= 0.69.5-1)
    - React-perflogger (= 0.69.5-1)
    - Yoga
  - React-Core/RCTTextHeaders (0.69.5-1):
    - glog
    - RCT-Folly (= 2021.06.28.00-v2)
    - React-Core/Default
    - React-cxxreact (= 0.69.5-1)
    - React-jsi (= 0.69.5-1)
    - React-jsiexecutor (= 0.69.5-1)
    - React-perflogger (= 0.69.5-1)
    - Yoga
  - React-Core/RCTWebSocket (0.69.5-1):
    - glog
    - RCT-Folly (= 2021.06.28.00-v2)
    - React-Core/Default (= 0.69.5-1)
    - React-cxxreact (= 0.69.5-1)
    - React-jsi (= 0.69.5-1)
    - React-jsiexecutor (= 0.69.5-1)
    - React-perflogger (= 0.69.5-1)
    - Yoga
  - React-CoreModules (0.69.5-1):
    - RCT-Folly (= 2021.06.28.00-v2)
    - RCTTypeSafety (= 0.69.5-1)
    - React-Codegen (= 0.69.5-1)
    - React-Core/CoreModulesHeaders (= 0.69.5-1)
    - React-jsi (= 0.69.5-1)
    - React-RCTImage (= 0.69.5-1)
    - ReactCommon/turbomodule/core (= 0.69.5-1)
  - React-cxxreact (0.69.5-1):
    - boost (= 1.76.0)
    - DoubleConversion
    - glog
    - RCT-Folly (= 2021.06.28.00-v2)
    - React-callinvoker (= 0.69.5-1)
    - React-jsi (= 0.69.5-1)
    - React-jsinspector (= 0.69.5-1)
    - React-logger (= 0.69.5-1)
    - React-perflogger (= 0.69.5-1)
    - React-runtimeexecutor (= 0.69.5-1)
  - React-jsi (0.69.5-1):
    - boost (= 1.76.0)
    - DoubleConversion
    - glog
    - RCT-Folly (= 2021.06.28.00-v2)
    - React-jsi/Default (= 0.69.5-1)
  - React-jsi/Default (0.69.5-1):
    - boost (= 1.76.0)
    - DoubleConversion
    - glog
    - RCT-Folly (= 2021.06.28.00-v2)
  - React-jsiexecutor (0.69.5-1):
    - DoubleConversion
    - glog
    - RCT-Folly (= 2021.06.28.00-v2)
    - React-cxxreact (= 0.69.5-1)
    - React-jsi (= 0.69.5-1)
    - React-perflogger (= 0.69.5-1)
  - React-jsinspector (0.69.5-1)
  - React-logger (0.69.5-1):
    - glog
  - react-native-safe-area-context (4.3.1):
    - RCT-Folly
    - RCTRequired
    - RCTTypeSafety
    - React
    - ReactCommon/turbomodule/core
  - React-perflogger (0.69.5-1)
  - React-RCTAnimation (0.69.5-1):
    - RCT-Folly (= 2021.06.28.00-v2)
    - RCTTypeSafety (= 0.69.5-1)
    - React-Codegen (= 0.69.5-1)
    - React-Core/RCTAnimationHeaders (= 0.69.5-1)
    - React-jsi (= 0.69.5-1)
    - ReactCommon/turbomodule/core (= 0.69.5-1)
  - React-RCTBlob (0.69.5-1):
    - RCT-Folly (= 2021.06.28.00-v2)
    - React-Codegen (= 0.69.5-1)
    - React-Core/RCTBlobHeaders (= 0.69.5-1)
    - React-Core/RCTWebSocket (= 0.69.5-1)
    - React-jsi (= 0.69.5-1)
    - React-RCTNetwork (= 0.69.5-1)
    - ReactCommon/turbomodule/core (= 0.69.5-1)
  - React-RCTImage (0.69.5-1):
    - RCT-Folly (= 2021.06.28.00-v2)
    - RCTTypeSafety (= 0.69.5-1)
    - React-Codegen (= 0.69.5-1)
    - React-Core/RCTImageHeaders (= 0.69.5-1)
    - React-jsi (= 0.69.5-1)
    - React-RCTNetwork (= 0.69.5-1)
    - ReactCommon/turbomodule/core (= 0.69.5-1)
  - React-RCTLinking (0.69.5-1):
    - React-Codegen (= 0.69.5-1)
    - React-Core/RCTLinkingHeaders (= 0.69.5-1)
    - React-jsi (= 0.69.5-1)
    - ReactCommon/turbomodule/core (= 0.69.5-1)
  - React-RCTNetwork (0.69.5-1):
    - RCT-Folly (= 2021.06.28.00-v2)
    - RCTTypeSafety (= 0.69.5-1)
    - React-Codegen (= 0.69.5-1)
    - React-Core/RCTNetworkHeaders (= 0.69.5-1)
    - React-jsi (= 0.69.5-1)
    - ReactCommon/turbomodule/core (= 0.69.5-1)
  - React-RCTSettings (0.69.5-1):
    - RCT-Folly (= 2021.06.28.00-v2)
    - RCTTypeSafety (= 0.69.5-1)
    - React-Codegen (= 0.69.5-1)
    - React-Core/RCTSettingsHeaders (= 0.69.5-1)
    - React-jsi (= 0.69.5-1)
    - ReactCommon/turbomodule/core (= 0.69.5-1)
  - React-RCTText (0.69.5-1):
    - React-Core/RCTTextHeaders (= 0.69.5-1)
  - React-runtimeexecutor (0.69.5-1):
    - React-jsi (= 0.69.5-1)
  - ReactCommon/turbomodule/core (0.69.5-1):
    - DoubleConversion
    - glog
    - RCT-Folly (= 2021.06.28.00-v2)
    - React-bridging (= 0.69.5-1)
    - React-callinvoker (= 0.69.5-1)
    - React-Core (= 0.69.5-1)
    - React-cxxreact (= 0.69.5-1)
    - React-jsi (= 0.69.5-1)
    - React-logger (= 0.69.5-1)
    - React-perflogger (= 0.69.5-1)
  - RNBitmovinPlayer (0.2.1):
    - BitmovinPlayer (= 3.23.0)
    - React-Core
  - RNCPicker (2.4.2):
    - React-Core
  - RNScreens (3.15.0):
    - React-Core
    - React-RCTImage
  - SocketRocket (0.6.0)
  - Yoga (1.14.0)
  - YogaKit (1.18.1):
    - Yoga (~> 1.14)

DEPENDENCIES:
  - boost (from `../node_modules/react-native/third-party-podspecs/boost.podspec`)
  - DoubleConversion (from `../node_modules/react-native/third-party-podspecs/DoubleConversion.podspec`)
  - FBLazyVector (from `../node_modules/react-native/Libraries/FBLazyVector`)
  - FBReactNativeSpec (from `../node_modules/react-native/React/FBReactNativeSpec`)
  - Flipper (= 0.151.0)
  - Flipper-Boost-iOSX (= 1.76.0.1.11)
  - Flipper-DoubleConversion (= 3.2.0.1)
  - Flipper-Fmt (= 7.1.7)
  - Flipper-Folly (= 2.6.10)
  - Flipper-Glog (= 0.5.0.5)
  - Flipper-PeerTalk (= 0.0.4)
  - Flipper-RSocket (= 1.4.3)
  - FlipperKit (= 0.151.0)
  - FlipperKit/Core (= 0.151.0)
  - FlipperKit/CppBridge (= 0.151.0)
  - FlipperKit/FBCxxFollyDynamicConvert (= 0.151.0)
  - FlipperKit/FBDefines (= 0.151.0)
  - FlipperKit/FKPortForwarding (= 0.151.0)
  - FlipperKit/FlipperKitHighlightOverlay (= 0.151.0)
  - FlipperKit/FlipperKitLayoutPlugin (= 0.151.0)
  - FlipperKit/FlipperKitLayoutTextSearchable (= 0.151.0)
  - FlipperKit/FlipperKitNetworkPlugin (= 0.151.0)
  - FlipperKit/FlipperKitReactPlugin (= 0.151.0)
  - FlipperKit/FlipperKitUserDefaultsPlugin (= 0.151.0)
  - FlipperKit/SKIOSNetworkPlugin (= 0.151.0)
  - fmt (from `../node_modules/react-native/third-party-podspecs/fmt.podspec`)
  - glog (from `../node_modules/react-native/third-party-podspecs/glog.podspec`)
  - OpenSSL-Universal (= 1.1.1100)
  - RCT-Folly (from `../node_modules/react-native/third-party-podspecs/RCT-Folly.podspec`)
  - RCTRequired (from `../node_modules/react-native/Libraries/RCTRequired`)
  - RCTTypeSafety (from `../node_modules/react-native/Libraries/TypeSafety`)
  - React (from `../node_modules/react-native/`)
  - React-bridging (from `../node_modules/react-native/ReactCommon`)
  - React-callinvoker (from `../node_modules/react-native/ReactCommon/callinvoker`)
  - React-Codegen (from `build/generated/ios`)
  - React-Core (from `../node_modules/react-native/`)
  - React-Core/RCTWebSocket (from `../node_modules/react-native/`)
  - React-CoreModules (from `../node_modules/react-native/React/CoreModules`)
  - React-cxxreact (from `../node_modules/react-native/ReactCommon/cxxreact`)
  - React-jsi (from `../node_modules/react-native/ReactCommon/jsi`)
  - React-jsiexecutor (from `../node_modules/react-native/ReactCommon/jsiexecutor`)
  - React-jsinspector (from `../node_modules/react-native/ReactCommon/jsinspector`)
  - React-logger (from `../node_modules/react-native/ReactCommon/logger`)
  - react-native-safe-area-context (from `../node_modules/react-native-safe-area-context`)
  - React-perflogger (from `../node_modules/react-native/ReactCommon/reactperflogger`)
  - React-RCTAnimation (from `../node_modules/react-native/Libraries/NativeAnimation`)
  - React-RCTBlob (from `../node_modules/react-native/Libraries/Blob`)
  - React-RCTImage (from `../node_modules/react-native/Libraries/Image`)
  - React-RCTLinking (from `../node_modules/react-native/Libraries/LinkingIOS`)
  - React-RCTNetwork (from `../node_modules/react-native/Libraries/Network`)
  - React-RCTSettings (from `../node_modules/react-native/Libraries/Settings`)
  - React-RCTText (from `../node_modules/react-native/Libraries/Text`)
  - React-runtimeexecutor (from `../node_modules/react-native/ReactCommon/runtimeexecutor`)
  - ReactCommon/turbomodule/core (from `../node_modules/react-native/ReactCommon`)
  - RNBitmovinPlayer (from `../..`)
  - "RNCPicker (from `../node_modules/@react-native-picker/picker`)"
  - RNScreens (from `../node_modules/react-native-screens`)
  - Yoga (from `../node_modules/react-native/ReactCommon/yoga`)

SPEC REPOS:
  https://github.com/bitmovin/cocoapod-specs.git:
    - BitmovinPlayer
  https://github.com/react-native-tvos/react-native-tvos-podspecs.git:
    - Flipper-PeerTalk
  trunk:
    - CocoaAsyncSocket
    - Flipper
    - Flipper-Boost-iOSX
    - Flipper-DoubleConversion
    - Flipper-Fmt
    - Flipper-Folly
    - Flipper-Glog
    - Flipper-RSocket
    - FlipperKit
    - libevent
    - OpenSSL-Universal
    - SocketRocket
    - YogaKit

EXTERNAL SOURCES:
  boost:
    :podspec: "../node_modules/react-native/third-party-podspecs/boost.podspec"
  DoubleConversion:
    :podspec: "../node_modules/react-native/third-party-podspecs/DoubleConversion.podspec"
  FBLazyVector:
    :path: "../node_modules/react-native/Libraries/FBLazyVector"
  FBReactNativeSpec:
    :path: "../node_modules/react-native/React/FBReactNativeSpec"
  fmt:
    :podspec: "../node_modules/react-native/third-party-podspecs/fmt.podspec"
  glog:
    :podspec: "../node_modules/react-native/third-party-podspecs/glog.podspec"
  RCT-Folly:
    :podspec: "../node_modules/react-native/third-party-podspecs/RCT-Folly.podspec"
  RCTRequired:
    :path: "../node_modules/react-native/Libraries/RCTRequired"
  RCTTypeSafety:
    :path: "../node_modules/react-native/Libraries/TypeSafety"
  React:
    :path: "../node_modules/react-native/"
  React-bridging:
    :path: "../node_modules/react-native/ReactCommon"
  React-callinvoker:
    :path: "../node_modules/react-native/ReactCommon/callinvoker"
  React-Codegen:
    :path: build/generated/ios
  React-Core:
    :path: "../node_modules/react-native/"
  React-CoreModules:
    :path: "../node_modules/react-native/React/CoreModules"
  React-cxxreact:
    :path: "../node_modules/react-native/ReactCommon/cxxreact"
  React-jsi:
    :path: "../node_modules/react-native/ReactCommon/jsi"
  React-jsiexecutor:
    :path: "../node_modules/react-native/ReactCommon/jsiexecutor"
  React-jsinspector:
    :path: "../node_modules/react-native/ReactCommon/jsinspector"
  React-logger:
    :path: "../node_modules/react-native/ReactCommon/logger"
  react-native-safe-area-context:
    :path: "../node_modules/react-native-safe-area-context"
  React-perflogger:
    :path: "../node_modules/react-native/ReactCommon/reactperflogger"
  React-RCTAnimation:
    :path: "../node_modules/react-native/Libraries/NativeAnimation"
  React-RCTBlob:
    :path: "../node_modules/react-native/Libraries/Blob"
  React-RCTImage:
    :path: "../node_modules/react-native/Libraries/Image"
  React-RCTLinking:
    :path: "../node_modules/react-native/Libraries/LinkingIOS"
  React-RCTNetwork:
    :path: "../node_modules/react-native/Libraries/Network"
  React-RCTSettings:
    :path: "../node_modules/react-native/Libraries/Settings"
  React-RCTText:
    :path: "../node_modules/react-native/Libraries/Text"
  React-runtimeexecutor:
    :path: "../node_modules/react-native/ReactCommon/runtimeexecutor"
  ReactCommon:
    :path: "../node_modules/react-native/ReactCommon"
  RNBitmovinPlayer:
    :path: "../.."
  RNCPicker:
    :path: "../node_modules/@react-native-picker/picker"
  RNScreens:
    :path: "../node_modules/react-native-screens"
  Yoga:
    :path: "../node_modules/react-native/ReactCommon/yoga"

SPEC CHECKSUMS:
  BitmovinPlayer: a5befdd132a57fc8a6e248054a6b3deaa3bb94ea
  boost: a7c83b31436843459a1961bfd74b96033dc77234
  CocoaAsyncSocket: 065fd1e645c7abab64f7a6a2007a48038fdc6a99
  DoubleConversion: 234abba95e31cc2aada0cf3b97cdb11bc5b90575
  FBLazyVector: cf2226a59bd5f29987ed9c2fbd62ec5112543387
  FBReactNativeSpec: bd1dc7bbd35f6877367fd5753cbea74a3c03c5f1
  Flipper: aad62c5cd3f78d38e9e2f7a882f4e680f3369a36
  Flipper-Boost-iOSX: fd1e2b8cbef7e662a122412d7ac5f5bea715403c
  Flipper-DoubleConversion: 2dc99b02f658daf147069aad9dbd29d8feb06d30
  Flipper-Fmt: 60cbdd92fc254826e61d669a5d87ef7015396a9b
  Flipper-Folly: 584845625005ff068a6ebf41f857f468decd26b3
  Flipper-Glog: 70c50ce58ddaf67dc35180db05f191692570f446
  Flipper-PeerTalk: c41cddbfcfa98abeebd9c8503eb94d204a145c01
  Flipper-RSocket: d9d9ade67cbecf6ac10730304bf5607266dd2541
  FlipperKit: feec58b1283d3560c703adc670c45ecf400c48d9
  fmt: 135c0c55547979f715b56dfa54037ececa96d07a
  glog: bac6d5aa2990176cc22d0432fb3e28805d580aeb
  libevent: 4049cae6c81cdb3654a443be001fb9bdceff7913
  OpenSSL-Universal: ebc357f1e6bc71fa463ccb2fe676756aff50e88c
  RCT-Folly: 6955e7728b76277c5df5a5aba37ee1ff1dd99976
  RCTRequired: 76b573e31346da1e334dd0487c348e74ac40b88a
  RCTTypeSafety: ff0f11e7d97e52643538879d067bdf2a9537e145
  React: 8a40b14d0de2324f4a5365cd2de6a665c648891f
  React-bridging: 2ca1fc94d59b576add06bc03561f9de03b68d674
  React-callinvoker: a0e344ca0581f2671074faf68766cf7c1177b785
  React-Codegen: d779745891bf8ff2cabfdd98b73ab030cd79ae27
  React-Core: 143c2b03427e5a4878d8196c46c7e0d32e0739ef
  React-CoreModules: 41295c7631e9d8a119a5473302a6f7b720b5e810
  React-cxxreact: 83dd23aaa6640b91e0b5662d4ba7e30d6c2d741a
  React-jsi: 48ecb0a56f720841cd05e3b88caf8e1ecf770d98
  React-jsiexecutor: cf32144953409add9db141dd22644328e5f2c85c
  React-jsinspector: 3998ac8a185c9532c8fffe2a8d3d7da01de7687b
  React-logger: 95d754cbf6b9dace8462da1d85a174f29befe5b4
  react-native-safe-area-context: 6c12e3859b6f27b25de4fee8201cfb858432d8de
  React-perflogger: 9edb49fc0f012d492bb128b31f0beb06431d867c
  React-RCTAnimation: ff6ab987eb1fe61d79e7adc402690fe5e031e8c9
  React-RCTBlob: 89297497b5961947fba2ca1f0dfa358a6a9133b5
  React-RCTImage: 2afe2db0c74b277281fc06cb3f5b8816654be763
  React-RCTLinking: 9333b0b5160e8cbf4078d1ab4431a4d7ddb28da7
  React-RCTNetwork: 1e1ab69e72d30213c534950c3a4de02cd2cfb27f
  React-RCTSettings: 55887e99cd8d6803d35989be48175db447e947d5
  React-RCTText: ce385d6b39a3fa8686148c514fa7cb779bfab59d
  React-runtimeexecutor: 58beb7dde327da781655006911f3531df4b17c29
  ReactCommon: 76b6f7f3035c18aa0b2b25104063a9e06bdd63fd
  RNBitmovinPlayer: d01588c6db8875b27c3088e9bfac047160c0297d
  RNCPicker: 0250e95ad170569a96f5b0555cdd5e65b9084dca
  RNScreens: 4a1af06327774490d97342c00aee0c2bafb497b7
  SocketRocket: fccef3f9c5cedea1353a9ef6ada904fde10d6608
  Yoga: c692258673d0f081496bb4c5013a44c80b5ed237
  YogaKit: f782866e155069a2cca2517aafea43200b01fd5a

PODFILE CHECKSUM: 5344195acbbd7a5c37e2eda683980bac20688f8e

COCOAPODS: 1.11.3
