PODS:
  - BitmovinPlayer (3.23.0)
  - boost (1.76.0)
  - CocoaAsyncSocket (7.6.5)
  - DoubleConversion (1.1.6)
  - FBLazyVector (0.68.2-6)
  - FBReactNativeSpec (0.68.2-6):
    - RCT-Folly (= 2021.06.28.00-v2)
    - RCTRequired (= 0.68.2-6)
    - RCTTypeSafety (= 0.68.2-6)
    - React-Core (= 0.68.2-6)
    - React-jsi (= 0.68.2-6)
    - ReactCommon/turbomodule/core (= 0.68.2-6)
  - Flipper (0.151.0):
    - Flipper-Folly (~> 2.6)
  - Flipper-Boost-iOSX (1.76.0.1.11)
  - Flipper-DoubleConversion (3.2.0)
  - Flipper-Fmt (7.1.7)
  - Flipper-Folly (2.6.10):
    - Flipper-Boost-iOSX
    - Flipper-DoubleConversion
    - Flipper-Fmt (= 7.1.7)
    - Flipper-Glog
    - libevent (~> 2.1.12)
    - OpenSSL-Universal (= 1.1.1100)
  - Flipper-Glog (0.5.0.4)
  - Flipper-PeerTalk (0.0.4)
  - Flipper-RSocket (1.4.3):
    - Flipper-Folly (~> 2.6)
  - FlipperKit (0.151.0):
    - FlipperKit/Core (= 0.151.0)
  - FlipperKit/Core (0.151.0):
    - Flipper (~> 0.151.0)
    - FlipperKit/CppBridge
    - FlipperKit/FBCxxFollyDynamicConvert
    - FlipperKit/FBDefines
    - FlipperKit/FKPortForwarding
    - SocketRocket (~> 0.6.0)
  - FlipperKit/CppBridge (0.151.0):
    - Flipper (~> 0.151.0)
  - FlipperKit/FBCxxFollyDynamicConvert (0.151.0):
    - Flipper-Folly (~> 2.6)
  - FlipperKit/FBDefines (0.151.0)
  - FlipperKit/FKPortForwarding (0.151.0):
    - CocoaAsyncSocket (~> 7.6)
    - Flipper-PeerTalk (~> 0.0.4)
  - FlipperKit/FlipperKitHighlightOverlay (0.151.0)
  - FlipperKit/FlipperKitLayoutHelpers (0.151.0):
    - FlipperKit/Core
    - FlipperKit/FlipperKitHighlightOverlay
    - FlipperKit/FlipperKitLayoutTextSearchable
  - FlipperKit/FlipperKitLayoutIOSDescriptors (0.151.0):
    - FlipperKit/Core
    - FlipperKit/FlipperKitHighlightOverlay
    - FlipperKit/FlipperKitLayoutHelpers
    - YogaKit (~> 1.18)
  - FlipperKit/FlipperKitLayoutPlugin (0.151.0):
    - FlipperKit/Core
    - FlipperKit/FlipperKitHighlightOverlay
    - FlipperKit/FlipperKitLayoutHelpers
    - FlipperKit/FlipperKitLayoutIOSDescriptors
    - FlipperKit/FlipperKitLayoutTextSearchable
    - YogaKit (~> 1.18)
  - FlipperKit/FlipperKitLayoutTextSearchable (0.151.0)
  - FlipperKit/FlipperKitNetworkPlugin (0.151.0):
    - FlipperKit/Core
  - FlipperKit/FlipperKitReactPlugin (0.151.0):
    - FlipperKit/Core
  - FlipperKit/FlipperKitUserDefaultsPlugin (0.151.0):
    - FlipperKit/Core
  - FlipperKit/SKIOSNetworkPlugin (0.151.0):
    - FlipperKit/Core
    - FlipperKit/FlipperKitNetworkPlugin
  - fmt (7.1.3)
  - glog (0.3.5)
  - libevent (2.1.12)
  - OpenSSL-Universal (1.1.1100)
  - RCT-Folly (2021.06.28.00-v2):
    - boost
    - DoubleConversion
    - fmt
    - glog
    - RCT-Folly/Default (= 2021.06.28.00-v2)
  - RCT-Folly/Default (2021.06.28.00-v2):
    - boost
    - DoubleConversion
    - fmt
    - glog
  - RCTRequired (0.68.2-6)
  - RCTTypeSafety (0.68.2-6):
    - FBLazyVector (= 0.68.2-6)
    - RCT-Folly (= 2021.06.28.00-v2)
    - RCTRequired (= 0.68.2-6)
    - React-Core (= 0.68.2-6)
  - React (0.68.2-6):
    - React-Core (= 0.68.2-6)
    - React-Core/DevSupport (= 0.68.2-6)
    - React-Core/RCTWebSocket (= 0.68.2-6)
    - React-RCTAnimation (= 0.68.2-6)
    - React-RCTBlob (= 0.68.2-6)
    - React-RCTImage (= 0.68.2-6)
    - React-RCTLinking (= 0.68.2-6)
    - React-RCTNetwork (= 0.68.2-6)
    - React-RCTSettings (= 0.68.2-6)
    - React-RCTText (= 0.68.2-6)
  - React-callinvoker (0.68.2-6)
  - React-Codegen (0.68.2-6):
    - FBReactNativeSpec (= 0.68.2-6)
    - RCT-Folly (= 2021.06.28.00-v2)
    - RCTRequired (= 0.68.2-6)
    - RCTTypeSafety (= 0.68.2-6)
    - React-Core (= 0.68.2-6)
    - React-jsi (= 0.68.2-6)
    - React-jsiexecutor (= 0.68.2-6)
    - ReactCommon/turbomodule/core (= 0.68.2-6)
  - React-Core (0.68.2-6):
    - glog
    - RCT-Folly (= 2021.06.28.00-v2)
    - React-Core/Default (= 0.68.2-6)
    - React-cxxreact (= 0.68.2-6)
    - React-jsi (= 0.68.2-6)
    - React-jsiexecutor (= 0.68.2-6)
    - React-perflogger (= 0.68.2-6)
    - Yoga
  - React-Core/CoreModulesHeaders (0.68.2-6):
    - glog
    - RCT-Folly (= 2021.06.28.00-v2)
    - React-Core/Default
    - React-cxxreact (= 0.68.2-6)
    - React-jsi (= 0.68.2-6)
    - React-jsiexecutor (= 0.68.2-6)
    - React-perflogger (= 0.68.2-6)
    - Yoga
  - React-Core/Default (0.68.2-6):
    - glog
    - RCT-Folly (= 2021.06.28.00-v2)
    - React-cxxreact (= 0.68.2-6)
    - React-jsi (= 0.68.2-6)
    - React-jsiexecutor (= 0.68.2-6)
    - React-perflogger (= 0.68.2-6)
    - Yoga
  - React-Core/DevSupport (0.68.2-6):
    - glog
    - RCT-Folly (= 2021.06.28.00-v2)
    - React-Core/Default (= 0.68.2-6)
    - React-Core/RCTWebSocket (= 0.68.2-6)
    - React-cxxreact (= 0.68.2-6)
    - React-jsi (= 0.68.2-6)
    - React-jsiexecutor (= 0.68.2-6)
    - React-jsinspector (= 0.68.2-6)
    - React-perflogger (= 0.68.2-6)
    - Yoga
  - React-Core/RCTAnimationHeaders (0.68.2-6):
    - glog
    - RCT-Folly (= 2021.06.28.00-v2)
    - React-Core/Default
    - React-cxxreact (= 0.68.2-6)
    - React-jsi (= 0.68.2-6)
    - React-jsiexecutor (= 0.68.2-6)
    - React-perflogger (= 0.68.2-6)
    - Yoga
  - React-Core/RCTBlobHeaders (0.68.2-6):
    - glog
    - RCT-Folly (= 2021.06.28.00-v2)
    - React-Core/Default
    - React-cxxreact (= 0.68.2-6)
    - React-jsi (= 0.68.2-6)
    - React-jsiexecutor (= 0.68.2-6)
    - React-perflogger (= 0.68.2-6)
    - Yoga
  - React-Core/RCTImageHeaders (0.68.2-6):
    - glog
    - RCT-Folly (= 2021.06.28.00-v2)
    - React-Core/Default
    - React-cxxreact (= 0.68.2-6)
    - React-jsi (= 0.68.2-6)
    - React-jsiexecutor (= 0.68.2-6)
    - React-perflogger (= 0.68.2-6)
    - Yoga
  - React-Core/RCTLinkingHeaders (0.68.2-6):
    - glog
    - RCT-Folly (= 2021.06.28.00-v2)
    - React-Core/Default
    - React-cxxreact (= 0.68.2-6)
    - React-jsi (= 0.68.2-6)
    - React-jsiexecutor (= 0.68.2-6)
    - React-perflogger (= 0.68.2-6)
    - Yoga
  - React-Core/RCTNetworkHeaders (0.68.2-6):
    - glog
    - RCT-Folly (= 2021.06.28.00-v2)
    - React-Core/Default
    - React-cxxreact (= 0.68.2-6)
    - React-jsi (= 0.68.2-6)
    - React-jsiexecutor (= 0.68.2-6)
    - React-perflogger (= 0.68.2-6)
    - Yoga
  - React-Core/RCTSettingsHeaders (0.68.2-6):
    - glog
    - RCT-Folly (= 2021.06.28.00-v2)
    - React-Core/Default
    - React-cxxreact (= 0.68.2-6)
    - React-jsi (= 0.68.2-6)
    - React-jsiexecutor (= 0.68.2-6)
    - React-perflogger (= 0.68.2-6)
    - Yoga
  - React-Core/RCTTextHeaders (0.68.2-6):
    - glog
    - RCT-Folly (= 2021.06.28.00-v2)
    - React-Core/Default
    - React-cxxreact (= 0.68.2-6)
    - React-jsi (= 0.68.2-6)
    - React-jsiexecutor (= 0.68.2-6)
    - React-perflogger (= 0.68.2-6)
    - Yoga
  - React-Core/RCTWebSocket (0.68.2-6):
    - glog
    - RCT-Folly (= 2021.06.28.00-v2)
    - React-Core/Default (= 0.68.2-6)
    - React-cxxreact (= 0.68.2-6)
    - React-jsi (= 0.68.2-6)
    - React-jsiexecutor (= 0.68.2-6)
    - React-perflogger (= 0.68.2-6)
    - Yoga
  - React-CoreModules (0.68.2-6):
    - RCT-Folly (= 2021.06.28.00-v2)
    - RCTTypeSafety (= 0.68.2-6)
    - React-Codegen (= 0.68.2-6)
    - React-Core/CoreModulesHeaders (= 0.68.2-6)
    - React-jsi (= 0.68.2-6)
    - React-RCTImage (= 0.68.2-6)
    - ReactCommon/turbomodule/core (= 0.68.2-6)
  - React-cxxreact (0.68.2-6):
    - boost (= 1.76.0)
    - DoubleConversion
    - glog
    - RCT-Folly (= 2021.06.28.00-v2)
    - React-callinvoker (= 0.68.2-6)
    - React-jsi (= 0.68.2-6)
    - React-jsinspector (= 0.68.2-6)
    - React-logger (= 0.68.2-6)
    - React-perflogger (= 0.68.2-6)
    - React-runtimeexecutor (= 0.68.2-6)
  - React-jsi (0.68.2-6):
    - boost (= 1.76.0)
    - DoubleConversion
    - glog
    - RCT-Folly (= 2021.06.28.00-v2)
    - React-jsi/Default (= 0.68.2-6)
  - React-jsi/Default (0.68.2-6):
    - boost (= 1.76.0)
    - DoubleConversion
    - glog
    - RCT-Folly (= 2021.06.28.00-v2)
  - React-jsiexecutor (0.68.2-6):
    - DoubleConversion
    - glog
    - RCT-Folly (= 2021.06.28.00-v2)
    - React-cxxreact (= 0.68.2-6)
    - React-jsi (= 0.68.2-6)
    - React-perflogger (= 0.68.2-6)
  - React-jsinspector (0.68.2-6)
  - React-logger (0.68.2-6):
    - glog
  - react-native-safe-area-context (4.3.1):
    - RCT-Folly
    - RCTRequired
    - RCTTypeSafety
    - React
    - ReactCommon/turbomodule/core
  - React-perflogger (0.68.2-6)
  - React-RCTAnimation (0.68.2-6):
    - RCT-Folly (= 2021.06.28.00-v2)
    - RCTTypeSafety (= 0.68.2-6)
    - React-Codegen (= 0.68.2-6)
    - React-Core/RCTAnimationHeaders (= 0.68.2-6)
    - React-jsi (= 0.68.2-6)
    - ReactCommon/turbomodule/core (= 0.68.2-6)
  - React-RCTBlob (0.68.2-6):
    - RCT-Folly (= 2021.06.28.00-v2)
    - React-Codegen (= 0.68.2-6)
    - React-Core/RCTBlobHeaders (= 0.68.2-6)
    - React-Core/RCTWebSocket (= 0.68.2-6)
    - React-jsi (= 0.68.2-6)
    - React-RCTNetwork (= 0.68.2-6)
    - ReactCommon/turbomodule/core (= 0.68.2-6)
  - React-RCTImage (0.68.2-6):
    - RCT-Folly (= 2021.06.28.00-v2)
    - RCTTypeSafety (= 0.68.2-6)
    - React-Codegen (= 0.68.2-6)
    - React-Core/RCTImageHeaders (= 0.68.2-6)
    - React-jsi (= 0.68.2-6)
    - React-RCTNetwork (= 0.68.2-6)
    - ReactCommon/turbomodule/core (= 0.68.2-6)
  - React-RCTLinking (0.68.2-6):
    - React-Codegen (= 0.68.2-6)
    - React-Core/RCTLinkingHeaders (= 0.68.2-6)
    - React-jsi (= 0.68.2-6)
    - ReactCommon/turbomodule/core (= 0.68.2-6)
  - React-RCTNetwork (0.68.2-6):
    - RCT-Folly (= 2021.06.28.00-v2)
    - RCTTypeSafety (= 0.68.2-6)
    - React-Codegen (= 0.68.2-6)
    - React-Core/RCTNetworkHeaders (= 0.68.2-6)
    - React-jsi (= 0.68.2-6)
    - ReactCommon/turbomodule/core (= 0.68.2-6)
  - React-RCTSettings (0.68.2-6):
    - RCT-Folly (= 2021.06.28.00-v2)
    - RCTTypeSafety (= 0.68.2-6)
    - React-Codegen (= 0.68.2-6)
    - React-Core/RCTSettingsHeaders (= 0.68.2-6)
    - React-jsi (= 0.68.2-6)
    - ReactCommon/turbomodule/core (= 0.68.2-6)
  - React-RCTText (0.68.2-6):
    - React-Core/RCTTextHeaders (= 0.68.2-6)
  - React-runtimeexecutor (0.68.2-6):
    - React-jsi (= 0.68.2-6)
  - ReactCommon/turbomodule/core (0.68.2-6):
    - DoubleConversion
    - glog
    - RCT-Folly (= 2021.06.28.00-v2)
    - React-callinvoker (= 0.68.2-6)
    - React-Core (= 0.68.2-6)
    - React-cxxreact (= 0.68.2-6)
    - React-jsi (= 0.68.2-6)
    - React-logger (= 0.68.2-6)
    - React-perflogger (= 0.68.2-6)
  - RNBitmovinPlayer (0.2.0):
    - BitmovinPlayer (= 3.23.0)
    - React-Core
  - RNCPicker (2.4.2):
    - React-Core
  - RNScreens (3.15.0):
    - React-Core
    - React-RCTImage
  - SocketRocket (0.6.0)
  - Yoga (1.14.0)
  - YogaKit (1.18.1):
    - Yoga (~> 1.14)

DEPENDENCIES:
  - boost (from `../node_modules/react-native/third-party-podspecs/boost.podspec`)
  - DoubleConversion (from `../node_modules/react-native/third-party-podspecs/DoubleConversion.podspec`)
  - FBLazyVector (from `../node_modules/react-native/Libraries/FBLazyVector`)
  - FBReactNativeSpec (from `../node_modules/react-native/React/FBReactNativeSpec`)
  - Flipper (= 0.151.0)
  - Flipper-Boost-iOSX (= 1.76.0.1.11)
  - Flipper-DoubleConversion (= 3.2.0)
  - Flipper-Fmt (= 7.1.7)
  - Flipper-Folly (= 2.6.10)
  - Flipper-Glog (= 0.5.0.4)
  - Flipper-PeerTalk (= 0.0.4)
  - Flipper-RSocket (= 1.4.3)
  - FlipperKit (= 0.151.0)
  - FlipperKit/Core (= 0.151.0)
  - FlipperKit/CppBridge (= 0.151.0)
  - FlipperKit/FBCxxFollyDynamicConvert (= 0.151.0)
  - FlipperKit/FBDefines (= 0.151.0)
  - FlipperKit/FKPortForwarding (= 0.151.0)
  - FlipperKit/FlipperKitHighlightOverlay (= 0.151.0)
  - FlipperKit/FlipperKitLayoutPlugin (= 0.151.0)
  - FlipperKit/FlipperKitLayoutTextSearchable (= 0.151.0)
  - FlipperKit/FlipperKitNetworkPlugin (= 0.151.0)
  - FlipperKit/FlipperKitReactPlugin (= 0.151.0)
  - FlipperKit/FlipperKitUserDefaultsPlugin (= 0.151.0)
  - FlipperKit/SKIOSNetworkPlugin (= 0.151.0)
  - fmt (from `../node_modules/react-native/third-party-podspecs/fmt.podspec`)
  - glog (from `../node_modules/react-native/third-party-podspecs/glog.podspec`)
  - OpenSSL-Universal (= 1.1.1100)
  - RCT-Folly (from `../node_modules/react-native/third-party-podspecs/RCT-Folly.podspec`)
  - RCTRequired (from `../node_modules/react-native/Libraries/RCTRequired`)
  - RCTTypeSafety (from `../node_modules/react-native/Libraries/TypeSafety`)
  - React (from `../node_modules/react-native/`)
  - React-callinvoker (from `../node_modules/react-native/ReactCommon/callinvoker`)
  - React-Codegen (from `build/generated/ios`)
  - React-Core (from `../node_modules/react-native/`)
  - React-Core/DevSupport (from `../node_modules/react-native/`)
  - React-Core/RCTWebSocket (from `../node_modules/react-native/`)
  - React-CoreModules (from `../node_modules/react-native/React/CoreModules`)
  - React-cxxreact (from `../node_modules/react-native/ReactCommon/cxxreact`)
  - React-jsi (from `../node_modules/react-native/ReactCommon/jsi`)
  - React-jsiexecutor (from `../node_modules/react-native/ReactCommon/jsiexecutor`)
  - React-jsinspector (from `../node_modules/react-native/ReactCommon/jsinspector`)
  - React-logger (from `../node_modules/react-native/ReactCommon/logger`)
  - react-native-safe-area-context (from `../node_modules/react-native-safe-area-context`)
  - React-perflogger (from `../node_modules/react-native/ReactCommon/reactperflogger`)
  - React-RCTAnimation (from `../node_modules/react-native/Libraries/NativeAnimation`)
  - React-RCTBlob (from `../node_modules/react-native/Libraries/Blob`)
  - React-RCTImage (from `../node_modules/react-native/Libraries/Image`)
  - React-RCTLinking (from `../node_modules/react-native/Libraries/LinkingIOS`)
  - React-RCTNetwork (from `../node_modules/react-native/Libraries/Network`)
  - React-RCTSettings (from `../node_modules/react-native/Libraries/Settings`)
  - React-RCTText (from `../node_modules/react-native/Libraries/Text`)
  - React-runtimeexecutor (from `../node_modules/react-native/ReactCommon/runtimeexecutor`)
  - ReactCommon/turbomodule/core (from `../node_modules/react-native/ReactCommon`)
  - RNBitmovinPlayer (from `../..`)
  - "RNCPicker (from `../node_modules/@react-native-picker/picker`)"
  - RNScreens (from `../node_modules/react-native-screens`)
  - Yoga (from `../node_modules/react-native/ReactCommon/yoga`)

SPEC REPOS:
  https://github.com/bitmovin/cocoapod-specs.git:
    - BitmovinPlayer
  https://github.com/react-native-tvos/react-native-tvos-podspecs.git:
    - Flipper-PeerTalk
  trunk:
    - CocoaAsyncSocket
    - Flipper
    - Flipper-Boost-iOSX
    - Flipper-DoubleConversion
    - Flipper-Fmt
    - Flipper-Folly
    - Flipper-Glog
    - Flipper-RSocket
    - FlipperKit
    - libevent
    - OpenSSL-Universal
    - SocketRocket
    - YogaKit

EXTERNAL SOURCES:
  boost:
    :podspec: "../node_modules/react-native/third-party-podspecs/boost.podspec"
  DoubleConversion:
    :podspec: "../node_modules/react-native/third-party-podspecs/DoubleConversion.podspec"
  FBLazyVector:
    :path: "../node_modules/react-native/Libraries/FBLazyVector"
  FBReactNativeSpec:
    :path: "../node_modules/react-native/React/FBReactNativeSpec"
  fmt:
    :podspec: "../node_modules/react-native/third-party-podspecs/fmt.podspec"
  glog:
    :podspec: "../node_modules/react-native/third-party-podspecs/glog.podspec"
  RCT-Folly:
    :podspec: "../node_modules/react-native/third-party-podspecs/RCT-Folly.podspec"
  RCTRequired:
    :path: "../node_modules/react-native/Libraries/RCTRequired"
  RCTTypeSafety:
    :path: "../node_modules/react-native/Libraries/TypeSafety"
  React:
    :path: "../node_modules/react-native/"
  React-callinvoker:
    :path: "../node_modules/react-native/ReactCommon/callinvoker"
  React-Codegen:
    :path: build/generated/ios
  React-Core:
    :path: "../node_modules/react-native/"
  React-CoreModules:
    :path: "../node_modules/react-native/React/CoreModules"
  React-cxxreact:
    :path: "../node_modules/react-native/ReactCommon/cxxreact"
  React-jsi:
    :path: "../node_modules/react-native/ReactCommon/jsi"
  React-jsiexecutor:
    :path: "../node_modules/react-native/ReactCommon/jsiexecutor"
  React-jsinspector:
    :path: "../node_modules/react-native/ReactCommon/jsinspector"
  React-logger:
    :path: "../node_modules/react-native/ReactCommon/logger"
  react-native-safe-area-context:
    :path: "../node_modules/react-native-safe-area-context"
  React-perflogger:
    :path: "../node_modules/react-native/ReactCommon/reactperflogger"
  React-RCTAnimation:
    :path: "../node_modules/react-native/Libraries/NativeAnimation"
  React-RCTBlob:
    :path: "../node_modules/react-native/Libraries/Blob"
  React-RCTImage:
    :path: "../node_modules/react-native/Libraries/Image"
  React-RCTLinking:
    :path: "../node_modules/react-native/Libraries/LinkingIOS"
  React-RCTNetwork:
    :path: "../node_modules/react-native/Libraries/Network"
  React-RCTSettings:
    :path: "../node_modules/react-native/Libraries/Settings"
  React-RCTText:
    :path: "../node_modules/react-native/Libraries/Text"
  React-runtimeexecutor:
    :path: "../node_modules/react-native/ReactCommon/runtimeexecutor"
  ReactCommon:
    :path: "../node_modules/react-native/ReactCommon"
  RNBitmovinPlayer:
    :path: "../.."
  RNCPicker:
    :path: "../node_modules/@react-native-picker/picker"
  RNScreens:
    :path: "../node_modules/react-native-screens"
  Yoga:
    :path: "../node_modules/react-native/ReactCommon/yoga"

SPEC CHECKSUMS:
  BitmovinPlayer: a5befdd132a57fc8a6e248054a6b3deaa3bb94ea
  boost: a7c83b31436843459a1961bfd74b96033dc77234
  CocoaAsyncSocket: 065fd1e645c7abab64f7a6a2007a48038fdc6a99
  DoubleConversion: 1d2f3470dfd56717030d0855f8332361bbd85236
  FBLazyVector: e05eeb688a4d2fbf0c8df677efbc0552e2910277
  FBReactNativeSpec: 50080f872a7c4f91436e440f8de59e8a93f7b154
  Flipper: aad62c5cd3f78d38e9e2f7a882f4e680f3369a36
  Flipper-Boost-iOSX: fd1e2b8cbef7e662a122412d7ac5f5bea715403c
  Flipper-DoubleConversion: 3d3d04a078d4f3a1b6c6916587f159dc11f232c4
  Flipper-Fmt: 60cbdd92fc254826e61d669a5d87ef7015396a9b
  Flipper-Folly: 584845625005ff068a6ebf41f857f468decd26b3
  Flipper-Glog: 87bc98ff48de90cb5b0b5114ed3da79d85ee2dd4
  Flipper-PeerTalk: c41cddbfcfa98abeebd9c8503eb94d204a145c01
  Flipper-RSocket: d9d9ade67cbecf6ac10730304bf5607266dd2541
  FlipperKit: feec58b1283d3560c703adc670c45ecf400c48d9
  fmt: 135c0c55547979f715b56dfa54037ececa96d07a
  glog: 5b768715ae7bf8149e9d269089c22585cee27eb7
  libevent: 4049cae6c81cdb3654a443be001fb9bdceff7913
  OpenSSL-Universal: ebc357f1e6bc71fa463ccb2fe676756aff50e88c
  RCT-Folly: 5b616707d7d51519bd8d59b3e11f15df58f54df7
  RCTRequired: a4b24e343bcd0e2145d7b49efafa8d5df9cfc1d4
  RCTTypeSafety: f9678ef71e680776b9d35fcfc72d735d31ce5269
  React: a685a9fefdc2b86263f2400eedb91498f6a8cca8
  React-callinvoker: 29111716b24aa8a8fd93133fbb71cb6d2806ac57
  React-Codegen: 9928850b916088b14d5bd958431a79acb2eb4c9c
  React-Core: 2d61bb20e42db37ee084e4a1260779552e1eb944
  React-CoreModules: 52c05a2d818b71343d9a85b4f67c92ee11e780b4
  React-cxxreact: 5b923e718c2edb2f4d19bf43a08d30c51886719a
  React-jsi: cd328cafd15468e201afe4fb874af2cef7400eb4
  React-jsiexecutor: dc380ae401cf1df23dff0c0f28103bb6276ce27e
  React-jsinspector: b32bb6050ef7436017d6aee9fdec5e9d6e8b120f
  React-logger: 05d5fdf8805c225be34f773e67d6952bd173fd2c
  react-native-safe-area-context: 6c12e3859b6f27b25de4fee8201cfb858432d8de
  React-perflogger: f8003bfb0967a930bc3df7f4fb87f4a7d2f60dd2
  React-RCTAnimation: ad9129ed842cd388eece289ce6e49af4fab1eda3
  React-RCTBlob: 56be04dc11a23d1e93b02542faa7964d3f9b3e55
  React-RCTImage: 1cff30fbc9595f1d25f312fc22ab980c96baf306
  React-RCTLinking: a2c5ed1ae27916149b798c212c4e1d3972a0a891
  React-RCTNetwork: f2aded12401287b6f0ffc87210cd7a9d0e3e2d3e
  React-RCTSettings: 741f85b0fe8ebaf7a9d5a5eba0e46b8ccccaea95
  React-RCTText: a5a94554fcb4462cbb5dd028e6875a8a34c9c6e0
  React-runtimeexecutor: 5920bc763ba4eb773126970494e36a8e675ded65
  ReactCommon: 4320aa74395db105f7e878f7da780b49f070b677
  RNBitmovinPlayer: 6e9d083b47c5ccddc0efb12e6280f1b9f422117b
  RNCPicker: 0250e95ad170569a96f5b0555cdd5e65b9084dca
  RNScreens: 4a1af06327774490d97342c00aee0c2bafb497b7
  SocketRocket: fccef3f9c5cedea1353a9ef6ada904fde10d6608
  Yoga: 36a4095457c664bfceaca849e59578437abb4b04
  YogaKit: f782866e155069a2cca2517aafea43200b01fd5a

PODFILE CHECKSUM: e5873867dc428d9115f3159cfff7454f1782cf57

COCOAPODS: 1.11.3
